// !$*UTF8*$!
{
	archiveVersion = 1;
	classes = {
	};
	objectVersion = 46;
	objects = {

/* Begin PBXBuildFile section */
		0490C6751CFFE78300EEEEE7 /* main.m in Sources */ = {isa = PBXBuildFile; fileRef = 0490C6741CFFE78300EEEEE7 /* main.m */; };
		0490C6781CFFE78300EEEEE7 /* AppDelegate.m in Sources */ = {isa = PBXBuildFile; fileRef = 0490C6771CFFE78300EEEEE7 /* AppDelegate.m */; };
		0490C67B1CFFE78300EEEEE7 /* ViewController.m in Sources */ = {isa = PBXBuildFile; fileRef = 0490C67A1CFFE78300EEEEE7 /* ViewController.m */; };
		0490C67E1CFFE78300EEEEE7 /* Main.storyboard in Resources */ = {isa = PBXBuildFile; fileRef = 0490C67C1CFFE78300EEEEE7 /* Main.storyboard */; };
		0490C6801CFFE78300EEEEE7 /* Assets.xcassets in Resources */ = {isa = PBXBuildFile; fileRef = 0490C67F1CFFE78300EEEEE7 /* Assets.xcassets */; };
		0490C6831CFFE78300EEEEE7 /* LaunchScreen.storyboard in Resources */ = {isa = PBXBuildFile; fileRef = 0490C6811CFFE78300EEEEE7 /* LaunchScreen.storyboard */; };
		0490C6A01CFFEEFC00EEEEE7 /* UIUtils.m in Sources */ = {isa = PBXBuildFile; fileRef = 0490C69D1CFFEEFC00EEEEE7 /* UIUtils.m */; };
		0490C6A11CFFEEFC00EEEEE7 /* UIViewExt.m in Sources */ = {isa = PBXBuildFile; fileRef = 0490C69F1CFFEEFC00EEEEE7 /* UIViewExt.m */; };
		0490C6C21CFFEF0700EEEEE7 /* MKAnnotationView+WebCache.m in Sources */ = {isa = PBXBuildFile; fileRef = 0490C6A41CFFEF0700EEEEE7 /* MKAnnotationView+WebCache.m */; };
		0490C6C31CFFEF0700EEEEE7 /* NSData+ImageContentType.m in Sources */ = {isa = PBXBuildFile; fileRef = 0490C6A61CFFEF0700EEEEE7 /* NSData+ImageContentType.m */; };
		0490C6C41CFFEF0700EEEEE7 /* SDImageCache.m in Sources */ = {isa = PBXBuildFile; fileRef = 0490C6A81CFFEF0700EEEEE7 /* SDImageCache.m */; };
		0490C6C51CFFEF0700EEEEE7 /* SDWebImageCompat.m in Sources */ = {isa = PBXBuildFile; fileRef = 0490C6AA1CFFEF0700EEEEE7 /* SDWebImageCompat.m */; };
		0490C6C61CFFEF0700EEEEE7 /* SDWebImageDecoder.m in Sources */ = {isa = PBXBuildFile; fileRef = 0490C6AC1CFFEF0700EEEEE7 /* SDWebImageDecoder.m */; };
		0490C6C71CFFEF0700EEEEE7 /* SDWebImageDownloader.m in Sources */ = {isa = PBXBuildFile; fileRef = 0490C6AE1CFFEF0700EEEEE7 /* SDWebImageDownloader.m */; };
		0490C6C81CFFEF0700EEEEE7 /* SDWebImageDownloaderOperation.m in Sources */ = {isa = PBXBuildFile; fileRef = 0490C6B01CFFEF0700EEEEE7 /* SDWebImageDownloaderOperation.m */; };
		0490C6C91CFFEF0700EEEEE7 /* SDWebImageManager.m in Sources */ = {isa = PBXBuildFile; fileRef = 0490C6B21CFFEF0700EEEEE7 /* SDWebImageManager.m */; };
		0490C6CA1CFFEF0700EEEEE7 /* SDWebImagePrefetcher.m in Sources */ = {isa = PBXBuildFile; fileRef = 0490C6B51CFFEF0700EEEEE7 /* SDWebImagePrefetcher.m */; };
		0490C6CB1CFFEF0700EEEEE7 /* UIButton+WebCache.m in Sources */ = {isa = PBXBuildFile; fileRef = 0490C6B71CFFEF0700EEEEE7 /* UIButton+WebCache.m */; };
		0490C6CC1CFFEF0700EEEEE7 /* UIImage+GIF.m in Sources */ = {isa = PBXBuildFile; fileRef = 0490C6B91CFFEF0700EEEEE7 /* UIImage+GIF.m */; };
		0490C6CD1CFFEF0700EEEEE7 /* UIImage+MultiFormat.m in Sources */ = {isa = PBXBuildFile; fileRef = 0490C6BB1CFFEF0700EEEEE7 /* UIImage+MultiFormat.m */; };
		0490C6CE1CFFEF0700EEEEE7 /* UIImage+WebP.m in Sources */ = {isa = PBXBuildFile; fileRef = 0490C6BD1CFFEF0700EEEEE7 /* UIImage+WebP.m */; };
		0490C6CF1CFFEF0700EEEEE7 /* UIImageView+HighlightedWebCache.m in Sources */ = {isa = PBXBuildFile; fileRef = 0490C6BF1CFFEF0700EEEEE7 /* UIImageView+HighlightedWebCache.m */; };
		0490C6D01CFFEF0700EEEEE7 /* UIImageView+WebCache.m in Sources */ = {isa = PBXBuildFile; fileRef = 0490C6C11CFFEF0700EEEEE7 /* UIImageView+WebCache.m */; };
		0490C6F51CFFEF1200EEEEE7 /* AFHTTPSessionManager.m in Sources */ = {isa = PBXBuildFile; fileRef = 0490C6D41CFFEF1200EEEEE7 /* AFHTTPSessionManager.m */; };
		0490C6F61CFFEF1200EEEEE7 /* AFNetworkReachabilityManager.m in Sources */ = {isa = PBXBuildFile; fileRef = 0490C6D71CFFEF1200EEEEE7 /* AFNetworkReachabilityManager.m */; };
		0490C6F71CFFEF1200EEEEE7 /* AFSecurityPolicy.m in Sources */ = {isa = PBXBuildFile; fileRef = 0490C6D91CFFEF1200EEEEE7 /* AFSecurityPolicy.m */; };
		0490C6F81CFFEF1200EEEEE7 /* AFURLRequestSerialization.m in Sources */ = {isa = PBXBuildFile; fileRef = 0490C6DB1CFFEF1200EEEEE7 /* AFURLRequestSerialization.m */; };
		0490C6F91CFFEF1200EEEEE7 /* AFURLResponseSerialization.m in Sources */ = {isa = PBXBuildFile; fileRef = 0490C6DD1CFFEF1200EEEEE7 /* AFURLResponseSerialization.m */; };
		0490C6FA1CFFEF1200EEEEE7 /* AFURLSessionManager.m in Sources */ = {isa = PBXBuildFile; fileRef = 0490C6DF1CFFEF1200EEEEE7 /* AFURLSessionManager.m */; };
		0490C6FB1CFFEF1200EEEEE7 /* AFAutoPurgingImageCache.m in Sources */ = {isa = PBXBuildFile; fileRef = 0490C6E21CFFEF1200EEEEE7 /* AFAutoPurgingImageCache.m */; };
		0490C6FC1CFFEF1200EEEEE7 /* AFImageDownloader.m in Sources */ = {isa = PBXBuildFile; fileRef = 0490C6E41CFFEF1200EEEEE7 /* AFImageDownloader.m */; };
		0490C6FD1CFFEF1200EEEEE7 /* AFNetworkActivityIndicatorManager.m in Sources */ = {isa = PBXBuildFile; fileRef = 0490C6E61CFFEF1200EEEEE7 /* AFNetworkActivityIndicatorManager.m */; };
		0490C6FE1CFFEF1200EEEEE7 /* UIActivityIndicatorView+AFNetworking.m in Sources */ = {isa = PBXBuildFile; fileRef = 0490C6E81CFFEF1200EEEEE7 /* UIActivityIndicatorView+AFNetworking.m */; };
		0490C6FF1CFFEF1200EEEEE7 /* UIButton+AFNetworking.m in Sources */ = {isa = PBXBuildFile; fileRef = 0490C6EA1CFFEF1200EEEEE7 /* UIButton+AFNetworking.m */; };
		0490C7001CFFEF1200EEEEE7 /* UIImageView+AFNetworking.m in Sources */ = {isa = PBXBuildFile; fileRef = 0490C6ED1CFFEF1200EEEEE7 /* UIImageView+AFNetworking.m */; };
		0490C7011CFFEF1200EEEEE7 /* UIProgressView+AFNetworking.m in Sources */ = {isa = PBXBuildFile; fileRef = 0490C6F01CFFEF1200EEEEE7 /* UIProgressView+AFNetworking.m */; };
		0490C7021CFFEF1200EEEEE7 /* UIRefreshControl+AFNetworking.m in Sources */ = {isa = PBXBuildFile; fileRef = 0490C6F21CFFEF1200EEEEE7 /* UIRefreshControl+AFNetworking.m */; };
		0490C7031CFFEF1200EEEEE7 /* UIWebView+AFNetworking.m in Sources */ = {isa = PBXBuildFile; fileRef = 0490C6F41CFFEF1200EEEEE7 /* UIWebView+AFNetworking.m */; };
		0490C7311CFFEF4500EEEEE7 /* MJRefreshAutoFooter.m in Sources */ = {isa = PBXBuildFile; fileRef = 0490C7071CFFEF4500EEEEE7 /* MJRefreshAutoFooter.m */; };
		0490C7321CFFEF4500EEEEE7 /* MJRefreshBackFooter.m in Sources */ = {isa = PBXBuildFile; fileRef = 0490C7091CFFEF4500EEEEE7 /* MJRefreshBackFooter.m */; };
		0490C7331CFFEF4500EEEEE7 /* MJRefreshComponent.m in Sources */ = {isa = PBXBuildFile; fileRef = 0490C70B1CFFEF4500EEEEE7 /* MJRefreshComponent.m */; };
		0490C7341CFFEF4500EEEEE7 /* MJRefreshFooter.m in Sources */ = {isa = PBXBuildFile; fileRef = 0490C70D1CFFEF4500EEEEE7 /* MJRefreshFooter.m */; };
		0490C7351CFFEF4500EEEEE7 /* MJRefreshHeader.m in Sources */ = {isa = PBXBuildFile; fileRef = 0490C70F1CFFEF4500EEEEE7 /* MJRefreshHeader.m */; };
		0490C7361CFFEF4500EEEEE7 /* MJRefreshAutoGifFooter.m in Sources */ = {isa = PBXBuildFile; fileRef = 0490C7141CFFEF4500EEEEE7 /* MJRefreshAutoGifFooter.m */; };
		0490C7371CFFEF4500EEEEE7 /* MJRefreshAutoNormalFooter.m in Sources */ = {isa = PBXBuildFile; fileRef = 0490C7161CFFEF4500EEEEE7 /* MJRefreshAutoNormalFooter.m */; };
		0490C7381CFFEF4500EEEEE7 /* MJRefreshAutoStateFooter.m in Sources */ = {isa = PBXBuildFile; fileRef = 0490C7181CFFEF4500EEEEE7 /* MJRefreshAutoStateFooter.m */; };
		0490C7391CFFEF4500EEEEE7 /* MJRefreshBackGifFooter.m in Sources */ = {isa = PBXBuildFile; fileRef = 0490C71B1CFFEF4500EEEEE7 /* MJRefreshBackGifFooter.m */; };
		0490C73A1CFFEF4500EEEEE7 /* MJRefreshBackNormalFooter.m in Sources */ = {isa = PBXBuildFile; fileRef = 0490C71D1CFFEF4500EEEEE7 /* MJRefreshBackNormalFooter.m */; };
		0490C73B1CFFEF4500EEEEE7 /* MJRefreshBackStateFooter.m in Sources */ = {isa = PBXBuildFile; fileRef = 0490C71F1CFFEF4500EEEEE7 /* MJRefreshBackStateFooter.m */; };
		0490C73C1CFFEF4500EEEEE7 /* MJRefreshGifHeader.m in Sources */ = {isa = PBXBuildFile; fileRef = 0490C7221CFFEF4500EEEEE7 /* MJRefreshGifHeader.m */; };
		0490C73D1CFFEF4500EEEEE7 /* MJRefreshNormalHeader.m in Sources */ = {isa = PBXBuildFile; fileRef = 0490C7241CFFEF4500EEEEE7 /* MJRefreshNormalHeader.m */; };
		0490C73E1CFFEF4500EEEEE7 /* MJRefreshStateHeader.m in Sources */ = {isa = PBXBuildFile; fileRef = 0490C7261CFFEF4500EEEEE7 /* MJRefreshStateHeader.m */; };
		0490C73F1CFFEF4500EEEEE7 /* MJRefresh.bundle in Resources */ = {isa = PBXBuildFile; fileRef = 0490C7271CFFEF4500EEEEE7 /* MJRefresh.bundle */; };
		0490C7401CFFEF4500EEEEE7 /* MJRefreshConst.m in Sources */ = {isa = PBXBuildFile; fileRef = 0490C72A1CFFEF4500EEEEE7 /* MJRefreshConst.m */; };
		0490C7411CFFEF4500EEEEE7 /* UIScrollView+MJExtension.m in Sources */ = {isa = PBXBuildFile; fileRef = 0490C72C1CFFEF4500EEEEE7 /* UIScrollView+MJExtension.m */; };
		0490C7421CFFEF4500EEEEE7 /* UIScrollView+MJRefresh.m in Sources */ = {isa = PBXBuildFile; fileRef = 0490C72E1CFFEF4500EEEEE7 /* UIScrollView+MJRefresh.m */; };
		0490C7431CFFEF4500EEEEE7 /* UIView+MJExtension.m in Sources */ = {isa = PBXBuildFile; fileRef = 0490C7301CFFEF4500EEEEE7 /* UIView+MJExtension.m */; };
		0490C7461CFFEF6400EEEEE7 /* BaseModel.m in Sources */ = {isa = PBXBuildFile; fileRef = 0490C7451CFFEF6400EEEEE7 /* BaseModel.m */; };
		0490C7491CFFEF7A00EEEEE7 /* BaseViewController.m in Sources */ = {isa = PBXBuildFile; fileRef = 0490C7481CFFEF7A00EEEEE7 /* BaseViewController.m */; };
		0490C8341D0162F400EEEEE7 /* Bolts.framework in Frameworks */ = {isa = PBXBuildFile; fileRef = 0490C8291D0162F400EEEEE7 /* Bolts.framework */; };
		0490C8351D0162F400EEEEE7 /* FBSDKCoreKit.framework in Frameworks */ = {isa = PBXBuildFile; fileRef = 0490C82A1D0162F400EEEEE7 /* FBSDKCoreKit.framework */; };
		0490C8361D0162F400EEEEE7 /* FBSDKLoginKit.framework in Frameworks */ = {isa = PBXBuildFile; fileRef = 0490C82B1D0162F400EEEEE7 /* FBSDKLoginKit.framework */; };
		0490C8371D0162F400EEEEE7 /* MaxLeap.framework in Frameworks */ = {isa = PBXBuildFile; fileRef = 0490C82C1D0162F400EEEEE7 /* MaxLeap.framework */; };
		0490C8381D0162F400EEEEE7 /* MLFacebookUtilsV4.framework in Frameworks */ = {isa = PBXBuildFile; fileRef = 0490C82D1D0162F400EEEEE7 /* MLFacebookUtilsV4.framework */; };
		0490C8391D0162F400EEEEE7 /* MLHelpCenter.framework in Frameworks */ = {isa = PBXBuildFile; fileRef = 0490C82F1D0162F400EEEEE7 /* MLHelpCenter.framework */; };
		0490C83A1D0162F500EEEEE7 /* MLHelpCenterImages.bundle in Resources */ = {isa = PBXBuildFile; fileRef = 0490C8311D0162F400EEEEE7 /* MLHelpCenterImages.bundle */; };
		0490C83B1D0162F500EEEEE7 /* MLHelpCenterLocalizable.bundle in Resources */ = {isa = PBXBuildFile; fileRef = 0490C8321D0162F400EEEEE7 /* MLHelpCenterLocalizable.bundle */; };
		0490C83C1D0162F500EEEEE7 /* MLHelpCenterThemes.bundle in Resources */ = {isa = PBXBuildFile; fileRef = 0490C8331D0162F400EEEEE7 /* MLHelpCenterThemes.bundle */; };
		0490C83E1D0163BF00EEEEE7 /* libz.tbd in Frameworks */ = {isa = PBXBuildFile; fileRef = 0490C83D1D0163BF00EEEEE7 /* libz.tbd */; };
		0490C8401D0163C800EEEEE7 /* libsqlite3.tbd in Frameworks */ = {isa = PBXBuildFile; fileRef = 0490C83F1D0163C800EEEEE7 /* libsqlite3.tbd */; };
		0490C8421D0163D100EEEEE7 /* SystemConfiguration.framework in Frameworks */ = {isa = PBXBuildFile; fileRef = 0490C8411D0163D100EEEEE7 /* SystemConfiguration.framework */; };
		0490C8441D0163DA00EEEEE7 /* CoreTelephony.framework in Frameworks */ = {isa = PBXBuildFile; fileRef = 0490C8431D0163DA00EEEEE7 /* CoreTelephony.framework */; };
		0490C8461D0163E200EEEEE7 /* MobileCoreServices.framework in Frameworks */ = {isa = PBXBuildFile; fileRef = 0490C8451D0163E200EEEEE7 /* MobileCoreServices.framework */; };
		0490C8481D0163EC00EEEEE7 /* StoreKit.framework in Frameworks */ = {isa = PBXBuildFile; fileRef = 0490C8471D0163EC00EEEEE7 /* StoreKit.framework */; };
		4A73E2981D001CC60022D856 /* HomeViewController.m in Sources */ = {isa = PBXBuildFile; fileRef = 4A73E2971D001CC60022D856 /* HomeViewController.m */; };
		4A73E29B1D001CF50022D856 /* HomeCollectionViewLayout.m in Sources */ = {isa = PBXBuildFile; fileRef = 4A73E29A1D001CF50022D856 /* HomeCollectionViewLayout.m */; };
		718742871CFFF91E0013B01D /* HotViewController.m in Sources */ = {isa = PBXBuildFile; fileRef = 718742861CFFF91E0013B01D /* HotViewController.m */; };
		7187428A1CFFFA3D0013B01D /* BaseNavigationController.m in Sources */ = {isa = PBXBuildFile; fileRef = 718742891CFFFA3D0013B01D /* BaseNavigationController.m */; };
		7187432C1D0002830013B01D /* 1.png in Resources */ = {isa = PBXBuildFile; fileRef = 718742F91D0002830013B01D /* 1.png */; };
		7187432D1D0002830013B01D /* 2.png in Resources */ = {isa = PBXBuildFile; fileRef = 718742FA1D0002830013B01D /* 2.png */; };
		7187432E1D0002830013B01D /* 3.png in Resources */ = {isa = PBXBuildFile; fileRef = 718742FB1D0002830013B01D /* 3.png */; };
		7187432F1D0002830013B01D /* 4.png in Resources */ = {isa = PBXBuildFile; fileRef = 718742FC1D0002830013B01D /* 4.png */; };
		718743301D0002830013B01D /* 5.png in Resources */ = {isa = PBXBuildFile; fileRef = 718742FD1D0002830013B01D /* 5.png */; };
		718743311D0002830013B01D /* 6.png in Resources */ = {isa = PBXBuildFile; fileRef = 718742FE1D0002830013B01D /* 6.png */; };
		718743321D0002830013B01D /* 7.png in Resources */ = {isa = PBXBuildFile; fileRef = 718742FF1D0002830013B01D /* 7.png */; };
		718743331D0002830013B01D /* 8.png in Resources */ = {isa = PBXBuildFile; fileRef = 718743001D0002830013B01D /* 8.png */; };
		718743341D0002830013B01D /* 9.png in Resources */ = {isa = PBXBuildFile; fileRef = 718743011D0002830013B01D /* 9.png */; };
		718743351D0002830013B01D /* 10.png in Resources */ = {isa = PBXBuildFile; fileRef = 718743021D0002830013B01D /* 10.png */; };
		718743361D0002830013B01D /* 11.jpg in Resources */ = {isa = PBXBuildFile; fileRef = 718743031D0002830013B01D /* 11.jpg */; };
		718743371D0002830013B01D /* 12.png in Resources */ = {isa = PBXBuildFile; fileRef = 718743041D0002830013B01D /* 12.png */; };
		718743381D0002830013B01D /* 13.png in Resources */ = {isa = PBXBuildFile; fileRef = 718743051D0002830013B01D /* 13.png */; };
		718743391D0002830013B01D /* 14.png in Resources */ = {isa = PBXBuildFile; fileRef = 718743061D0002830013B01D /* 14.png */; };
		7187433A1D0002830013B01D /* 15.png in Resources */ = {isa = PBXBuildFile; fileRef = 718743071D0002830013B01D /* 15.png */; };
		7187433B1D0002830013B01D /* 16.png in Resources */ = {isa = PBXBuildFile; fileRef = 718743081D0002830013B01D /* 16.png */; };
		7187433C1D0002830013B01D /* 17.png in Resources */ = {isa = PBXBuildFile; fileRef = 718743091D0002830013B01D /* 17.png */; };
		7187433D1D0002830013B01D /* 18.png in Resources */ = {isa = PBXBuildFile; fileRef = 7187430A1D0002830013B01D /* 18.png */; };
		7187433E1D0002830013B01D /* 19.png in Resources */ = {isa = PBXBuildFile; fileRef = 7187430B1D0002830013B01D /* 19.png */; };
		7187433F1D0002830013B01D /* 20.png in Resources */ = {isa = PBXBuildFile; fileRef = 7187430C1D0002830013B01D /* 20.png */; };
		718743401D0002830013B01D /* 21.png in Resources */ = {isa = PBXBuildFile; fileRef = 7187430D1D0002830013B01D /* 21.png */; };
		718743411D0002830013B01D /* 22.png in Resources */ = {isa = PBXBuildFile; fileRef = 7187430E1D0002830013B01D /* 22.png */; };
		718743421D0002830013B01D /* 23.png in Resources */ = {isa = PBXBuildFile; fileRef = 7187430F1D0002830013B01D /* 23.png */; };
		718743431D0002830013B01D /* 24.png in Resources */ = {isa = PBXBuildFile; fileRef = 718743101D0002830013B01D /* 24.png */; };
		718743441D0002830013B01D /* 25.png in Resources */ = {isa = PBXBuildFile; fileRef = 718743111D0002830013B01D /* 25.png */; };
		718743451D0002830013B01D /* 26.jpg in Resources */ = {isa = PBXBuildFile; fileRef = 718743121D0002830013B01D /* 26.jpg */; };
		718743461D0002830013B01D /* 27.png in Resources */ = {isa = PBXBuildFile; fileRef = 718743131D0002830013B01D /* 27.png */; };
		718743471D0002830013B01D /* 28.png in Resources */ = {isa = PBXBuildFile; fileRef = 718743141D0002830013B01D /* 28.png */; };
		718743481D0002830013B01D /* 29.png in Resources */ = {isa = PBXBuildFile; fileRef = 718743151D0002830013B01D /* 29.png */; };
		718743491D0002830013B01D /* 30.png in Resources */ = {isa = PBXBuildFile; fileRef = 718743161D0002830013B01D /* 30.png */; };
		7187434A1D0002830013B01D /* 31.png in Resources */ = {isa = PBXBuildFile; fileRef = 718743171D0002830013B01D /* 31.png */; };
		7187434B1D0002830013B01D /* 32.png in Resources */ = {isa = PBXBuildFile; fileRef = 718743181D0002830013B01D /* 32.png */; };
		7187434C1D0002830013B01D /* 33.png in Resources */ = {isa = PBXBuildFile; fileRef = 718743191D0002830013B01D /* 33.png */; };
		7187434D1D0002830013B01D /* back.png in Resources */ = {isa = PBXBuildFile; fileRef = 7187431A1D0002830013B01D /* back.png */; };
		7187434E1D0002830013B01D /* clear.png in Resources */ = {isa = PBXBuildFile; fileRef = 7187431B1D0002830013B01D /* clear.png */; };
		7187434F1D0002830013B01D /* fanhui.png in Resources */ = {isa = PBXBuildFile; fileRef = 7187431C1D0002830013B01D /* fanhui.png */; };
		718743501D0002830013B01D /* liwu.png in Resources */ = {isa = PBXBuildFile; fileRef = 7187431D1D0002830013B01D /* liwu.png */; };
		718743511D0002830013B01D /* night.png in Resources */ = {isa = PBXBuildFile; fileRef = 7187431E1D0002830013B01D /* night.png */; };
		718743521D0002830013B01D /* page1.jpg in Resources */ = {isa = PBXBuildFile; fileRef = 7187431F1D0002830013B01D /* page1.jpg */; };
		718743531D0002830013B01D /* page2.jpg in Resources */ = {isa = PBXBuildFile; fileRef = 718743201D0002830013B01D /* page2.jpg */; };
		718743541D0002830013B01D /* page3.jpg in Resources */ = {isa = PBXBuildFile; fileRef = 718743211D0002830013B01D /* page3.jpg */; };
		718743551D0002830013B01D /* page4.jpg in Resources */ = {isa = PBXBuildFile; fileRef = 718743221D0002830013B01D /* page4.jpg */; };
		718743561D0002830013B01D /* page5.jpg in Resources */ = {isa = PBXBuildFile; fileRef = 718743231D0002830013B01D /* page5.jpg */; };
		718743571D0002830013B01D /* page6.jpg in Resources */ = {isa = PBXBuildFile; fileRef = 718743241D0002830013B01D /* page6.jpg */; };
		718743581D0002830013B01D /* page7.jpg in Resources */ = {isa = PBXBuildFile; fileRef = 718743251D0002830013B01D /* page7.jpg */; };
		718743591D0002830013B01D /* page8.jpg in Resources */ = {isa = PBXBuildFile; fileRef = 718743261D0002830013B01D /* page8.jpg */; };
		7187435A1D0002830013B01D /* page9.jpg in Resources */ = {isa = PBXBuildFile; fileRef = 718743271D0002830013B01D /* page9.jpg */; };
		7187435B1D0002830013B01D /* page10.jpg in Resources */ = {isa = PBXBuildFile; fileRef = 718743281D0002830013B01D /* page10.jpg */; };
		7187435C1D0002830013B01D /* share.png in Resources */ = {isa = PBXBuildFile; fileRef = 718743291D0002830013B01D /* share.png */; };
		7187435D1D0002830013B01D /* start.jpg in Resources */ = {isa = PBXBuildFile; fileRef = 7187432A1D0002830013B01D /* start.jpg */; };
		7187435E1D0002830013B01D /* ZhanWei.jpg in Resources */ = {isa = PBXBuildFile; fileRef = 7187432B1D0002830013B01D /* ZhanWei.jpg */; };
		718743641D0008B70013B01D /* CustomTabBarController.m in Sources */ = {isa = PBXBuildFile; fileRef = 718743631D0008B70013B01D /* CustomTabBarController.m */; };
		7187436F1D000E230013B01D /* MMDrawerBarButtonItem.m in Sources */ = {isa = PBXBuildFile; fileRef = 718743671D000E230013B01D /* MMDrawerBarButtonItem.m */; };
		718743701D000E230013B01D /* MMDrawerController.m in Sources */ = {isa = PBXBuildFile; fileRef = 7187436A1D000E230013B01D /* MMDrawerController.m */; };
		718743711D000E230013B01D /* MMDrawerVisualState.m in Sources */ = {isa = PBXBuildFile; fileRef = 7187436C1D000E230013B01D /* MMDrawerVisualState.m */; };
		718743721D000E230013B01D /* UIViewController+MMDrawerController.m in Sources */ = {isa = PBXBuildFile; fileRef = 7187436E1D000E230013B01D /* UIViewController+MMDrawerController.m */; };
		718743751D000E780013B01D /* LeftViewController.m in Sources */ = {isa = PBXBuildFile; fileRef = 718743741D000E780013B01D /* LeftViewController.m */; };
		718743771D0011470013B01D /* navbg.png in Resources */ = {isa = PBXBuildFile; fileRef = 718743761D0011470013B01D /* navbg.png */; };
		7187437A1D002AE80013B01D /* SegmentView.m in Sources */ = {isa = PBXBuildFile; fileRef = 718743791D002AE80013B01D /* SegmentView.m */; };
		718743801D0032A30013B01D /* segemnt_background.png in Resources */ = {isa = PBXBuildFile; fileRef = 7187437F1D0032A30013B01D /* segemnt_background.png */; };
/* End PBXBuildFile section */

/* Begin PBXFileReference section */
		0490C6701CFFE78300EEEEE7 /* Gift-Project.app */ = {isa = PBXFileReference; explicitFileType = wrapper.application; includeInIndex = 0; path = "Gift-Project.app"; sourceTree = BUILT_PRODUCTS_DIR; };
		0490C6741CFFE78300EEEEE7 /* main.m */ = {isa = PBXFileReference; lastKnownFileType = sourcecode.c.objc; path = main.m; sourceTree = "<group>"; };
		0490C6761CFFE78300EEEEE7 /* AppDelegate.h */ = {isa = PBXFileReference; lastKnownFileType = sourcecode.c.h; path = AppDelegate.h; sourceTree = "<group>"; };
		0490C6771CFFE78300EEEEE7 /* AppDelegate.m */ = {isa = PBXFileReference; lastKnownFileType = sourcecode.c.objc; path = AppDelegate.m; sourceTree = "<group>"; };
		0490C6791CFFE78300EEEEE7 /* ViewController.h */ = {isa = PBXFileReference; lastKnownFileType = sourcecode.c.h; path = ViewController.h; sourceTree = "<group>"; };
		0490C67A1CFFE78300EEEEE7 /* ViewController.m */ = {isa = PBXFileReference; lastKnownFileType = sourcecode.c.objc; path = ViewController.m; sourceTree = "<group>"; };
		0490C67D1CFFE78300EEEEE7 /* Base */ = {isa = PBXFileReference; lastKnownFileType = file.storyboard; name = Base; path = Base.lproj/Main.storyboard; sourceTree = "<group>"; };
		0490C67F1CFFE78300EEEEE7 /* Assets.xcassets */ = {isa = PBXFileReference; lastKnownFileType = folder.assetcatalog; path = Assets.xcassets; sourceTree = "<group>"; };
		0490C6821CFFE78300EEEEE7 /* Base */ = {isa = PBXFileReference; lastKnownFileType = file.storyboard; name = Base; path = Base.lproj/LaunchScreen.storyboard; sourceTree = "<group>"; };
		0490C6841CFFE78300EEEEE7 /* Info.plist */ = {isa = PBXFileReference; lastKnownFileType = text.plist.xml; path = Info.plist; sourceTree = "<group>"; };
		0490C69C1CFFEEFC00EEEEE7 /* UIUtils.h */ = {isa = PBXFileReference; fileEncoding = 4; lastKnownFileType = sourcecode.c.h; path = UIUtils.h; sourceTree = "<group>"; };
		0490C69D1CFFEEFC00EEEEE7 /* UIUtils.m */ = {isa = PBXFileReference; fileEncoding = 4; lastKnownFileType = sourcecode.c.objc; path = UIUtils.m; sourceTree = "<group>"; };
		0490C69E1CFFEEFC00EEEEE7 /* UIViewExt.h */ = {isa = PBXFileReference; fileEncoding = 4; lastKnownFileType = sourcecode.c.h; path = UIViewExt.h; sourceTree = "<group>"; };
		0490C69F1CFFEEFC00EEEEE7 /* UIViewExt.m */ = {isa = PBXFileReference; fileEncoding = 4; lastKnownFileType = sourcecode.c.objc; path = UIViewExt.m; sourceTree = "<group>"; };
		0490C6A31CFFEF0700EEEEE7 /* MKAnnotationView+WebCache.h */ = {isa = PBXFileReference; fileEncoding = 4; lastKnownFileType = sourcecode.c.h; path = "MKAnnotationView+WebCache.h"; sourceTree = "<group>"; };
		0490C6A41CFFEF0700EEEEE7 /* MKAnnotationView+WebCache.m */ = {isa = PBXFileReference; fileEncoding = 4; lastKnownFileType = sourcecode.c.objc; path = "MKAnnotationView+WebCache.m"; sourceTree = "<group>"; };
		0490C6A51CFFEF0700EEEEE7 /* NSData+ImageContentType.h */ = {isa = PBXFileReference; fileEncoding = 4; lastKnownFileType = sourcecode.c.h; path = "NSData+ImageContentType.h"; sourceTree = "<group>"; };
		0490C6A61CFFEF0700EEEEE7 /* NSData+ImageContentType.m */ = {isa = PBXFileReference; fileEncoding = 4; lastKnownFileType = sourcecode.c.objc; path = "NSData+ImageContentType.m"; sourceTree = "<group>"; };
		0490C6A71CFFEF0700EEEEE7 /* SDImageCache.h */ = {isa = PBXFileReference; fileEncoding = 4; lastKnownFileType = sourcecode.c.h; path = SDImageCache.h; sourceTree = "<group>"; };
		0490C6A81CFFEF0700EEEEE7 /* SDImageCache.m */ = {isa = PBXFileReference; fileEncoding = 4; lastKnownFileType = sourcecode.c.objc; path = SDImageCache.m; sourceTree = "<group>"; };
		0490C6A91CFFEF0700EEEEE7 /* SDWebImageCompat.h */ = {isa = PBXFileReference; fileEncoding = 4; lastKnownFileType = sourcecode.c.h; path = SDWebImageCompat.h; sourceTree = "<group>"; };
		0490C6AA1CFFEF0700EEEEE7 /* SDWebImageCompat.m */ = {isa = PBXFileReference; fileEncoding = 4; lastKnownFileType = sourcecode.c.objc; path = SDWebImageCompat.m; sourceTree = "<group>"; };
		0490C6AB1CFFEF0700EEEEE7 /* SDWebImageDecoder.h */ = {isa = PBXFileReference; fileEncoding = 4; lastKnownFileType = sourcecode.c.h; path = SDWebImageDecoder.h; sourceTree = "<group>"; };
		0490C6AC1CFFEF0700EEEEE7 /* SDWebImageDecoder.m */ = {isa = PBXFileReference; fileEncoding = 4; lastKnownFileType = sourcecode.c.objc; path = SDWebImageDecoder.m; sourceTree = "<group>"; };
		0490C6AD1CFFEF0700EEEEE7 /* SDWebImageDownloader.h */ = {isa = PBXFileReference; fileEncoding = 4; lastKnownFileType = sourcecode.c.h; path = SDWebImageDownloader.h; sourceTree = "<group>"; };
		0490C6AE1CFFEF0700EEEEE7 /* SDWebImageDownloader.m */ = {isa = PBXFileReference; fileEncoding = 4; lastKnownFileType = sourcecode.c.objc; path = SDWebImageDownloader.m; sourceTree = "<group>"; };
		0490C6AF1CFFEF0700EEEEE7 /* SDWebImageDownloaderOperation.h */ = {isa = PBXFileReference; fileEncoding = 4; lastKnownFileType = sourcecode.c.h; path = SDWebImageDownloaderOperation.h; sourceTree = "<group>"; };
		0490C6B01CFFEF0700EEEEE7 /* SDWebImageDownloaderOperation.m */ = {isa = PBXFileReference; fileEncoding = 4; lastKnownFileType = sourcecode.c.objc; path = SDWebImageDownloaderOperation.m; sourceTree = "<group>"; };
		0490C6B11CFFEF0700EEEEE7 /* SDWebImageManager.h */ = {isa = PBXFileReference; fileEncoding = 4; lastKnownFileType = sourcecode.c.h; path = SDWebImageManager.h; sourceTree = "<group>"; };
		0490C6B21CFFEF0700EEEEE7 /* SDWebImageManager.m */ = {isa = PBXFileReference; fileEncoding = 4; lastKnownFileType = sourcecode.c.objc; path = SDWebImageManager.m; sourceTree = "<group>"; };
		0490C6B31CFFEF0700EEEEE7 /* SDWebImageOperation.h */ = {isa = PBXFileReference; fileEncoding = 4; lastKnownFileType = sourcecode.c.h; path = SDWebImageOperation.h; sourceTree = "<group>"; };
		0490C6B41CFFEF0700EEEEE7 /* SDWebImagePrefetcher.h */ = {isa = PBXFileReference; fileEncoding = 4; lastKnownFileType = sourcecode.c.h; path = SDWebImagePrefetcher.h; sourceTree = "<group>"; };
		0490C6B51CFFEF0700EEEEE7 /* SDWebImagePrefetcher.m */ = {isa = PBXFileReference; fileEncoding = 4; lastKnownFileType = sourcecode.c.objc; path = SDWebImagePrefetcher.m; sourceTree = "<group>"; };
		0490C6B61CFFEF0700EEEEE7 /* UIButton+WebCache.h */ = {isa = PBXFileReference; fileEncoding = 4; lastKnownFileType = sourcecode.c.h; path = "UIButton+WebCache.h"; sourceTree = "<group>"; };
		0490C6B71CFFEF0700EEEEE7 /* UIButton+WebCache.m */ = {isa = PBXFileReference; fileEncoding = 4; lastKnownFileType = sourcecode.c.objc; path = "UIButton+WebCache.m"; sourceTree = "<group>"; };
		0490C6B81CFFEF0700EEEEE7 /* UIImage+GIF.h */ = {isa = PBXFileReference; fileEncoding = 4; lastKnownFileType = sourcecode.c.h; path = "UIImage+GIF.h"; sourceTree = "<group>"; };
		0490C6B91CFFEF0700EEEEE7 /* UIImage+GIF.m */ = {isa = PBXFileReference; fileEncoding = 4; lastKnownFileType = sourcecode.c.objc; path = "UIImage+GIF.m"; sourceTree = "<group>"; };
		0490C6BA1CFFEF0700EEEEE7 /* UIImage+MultiFormat.h */ = {isa = PBXFileReference; fileEncoding = 4; lastKnownFileType = sourcecode.c.h; path = "UIImage+MultiFormat.h"; sourceTree = "<group>"; };
		0490C6BB1CFFEF0700EEEEE7 /* UIImage+MultiFormat.m */ = {isa = PBXFileReference; fileEncoding = 4; lastKnownFileType = sourcecode.c.objc; path = "UIImage+MultiFormat.m"; sourceTree = "<group>"; };
		0490C6BC1CFFEF0700EEEEE7 /* UIImage+WebP.h */ = {isa = PBXFileReference; fileEncoding = 4; lastKnownFileType = sourcecode.c.h; path = "UIImage+WebP.h"; sourceTree = "<group>"; };
		0490C6BD1CFFEF0700EEEEE7 /* UIImage+WebP.m */ = {isa = PBXFileReference; fileEncoding = 4; lastKnownFileType = sourcecode.c.objc; path = "UIImage+WebP.m"; sourceTree = "<group>"; };
		0490C6BE1CFFEF0700EEEEE7 /* UIImageView+HighlightedWebCache.h */ = {isa = PBXFileReference; fileEncoding = 4; lastKnownFileType = sourcecode.c.h; path = "UIImageView+HighlightedWebCache.h"; sourceTree = "<group>"; };
		0490C6BF1CFFEF0700EEEEE7 /* UIImageView+HighlightedWebCache.m */ = {isa = PBXFileReference; fileEncoding = 4; lastKnownFileType = sourcecode.c.objc; path = "UIImageView+HighlightedWebCache.m"; sourceTree = "<group>"; };
		0490C6C01CFFEF0700EEEEE7 /* UIImageView+WebCache.h */ = {isa = PBXFileReference; fileEncoding = 4; lastKnownFileType = sourcecode.c.h; path = "UIImageView+WebCache.h"; sourceTree = "<group>"; };
		0490C6C11CFFEF0700EEEEE7 /* UIImageView+WebCache.m */ = {isa = PBXFileReference; fileEncoding = 4; lastKnownFileType = sourcecode.c.objc; path = "UIImageView+WebCache.m"; sourceTree = "<group>"; };
		0490C6D31CFFEF1200EEEEE7 /* AFHTTPSessionManager.h */ = {isa = PBXFileReference; fileEncoding = 4; lastKnownFileType = sourcecode.c.h; path = AFHTTPSessionManager.h; sourceTree = "<group>"; };
		0490C6D41CFFEF1200EEEEE7 /* AFHTTPSessionManager.m */ = {isa = PBXFileReference; fileEncoding = 4; lastKnownFileType = sourcecode.c.objc; path = AFHTTPSessionManager.m; sourceTree = "<group>"; };
		0490C6D51CFFEF1200EEEEE7 /* AFNetworking.h */ = {isa = PBXFileReference; fileEncoding = 4; lastKnownFileType = sourcecode.c.h; path = AFNetworking.h; sourceTree = "<group>"; };
		0490C6D61CFFEF1200EEEEE7 /* AFNetworkReachabilityManager.h */ = {isa = PBXFileReference; fileEncoding = 4; lastKnownFileType = sourcecode.c.h; path = AFNetworkReachabilityManager.h; sourceTree = "<group>"; };
		0490C6D71CFFEF1200EEEEE7 /* AFNetworkReachabilityManager.m */ = {isa = PBXFileReference; fileEncoding = 4; lastKnownFileType = sourcecode.c.objc; path = AFNetworkReachabilityManager.m; sourceTree = "<group>"; };
		0490C6D81CFFEF1200EEEEE7 /* AFSecurityPolicy.h */ = {isa = PBXFileReference; fileEncoding = 4; lastKnownFileType = sourcecode.c.h; path = AFSecurityPolicy.h; sourceTree = "<group>"; };
		0490C6D91CFFEF1200EEEEE7 /* AFSecurityPolicy.m */ = {isa = PBXFileReference; fileEncoding = 4; lastKnownFileType = sourcecode.c.objc; path = AFSecurityPolicy.m; sourceTree = "<group>"; };
		0490C6DA1CFFEF1200EEEEE7 /* AFURLRequestSerialization.h */ = {isa = PBXFileReference; fileEncoding = 4; lastKnownFileType = sourcecode.c.h; path = AFURLRequestSerialization.h; sourceTree = "<group>"; };
		0490C6DB1CFFEF1200EEEEE7 /* AFURLRequestSerialization.m */ = {isa = PBXFileReference; fileEncoding = 4; lastKnownFileType = sourcecode.c.objc; path = AFURLRequestSerialization.m; sourceTree = "<group>"; };
		0490C6DC1CFFEF1200EEEEE7 /* AFURLResponseSerialization.h */ = {isa = PBXFileReference; fileEncoding = 4; lastKnownFileType = sourcecode.c.h; path = AFURLResponseSerialization.h; sourceTree = "<group>"; };
		0490C6DD1CFFEF1200EEEEE7 /* AFURLResponseSerialization.m */ = {isa = PBXFileReference; fileEncoding = 4; lastKnownFileType = sourcecode.c.objc; path = AFURLResponseSerialization.m; sourceTree = "<group>"; };
		0490C6DE1CFFEF1200EEEEE7 /* AFURLSessionManager.h */ = {isa = PBXFileReference; fileEncoding = 4; lastKnownFileType = sourcecode.c.h; path = AFURLSessionManager.h; sourceTree = "<group>"; };
		0490C6DF1CFFEF1200EEEEE7 /* AFURLSessionManager.m */ = {isa = PBXFileReference; fileEncoding = 4; lastKnownFileType = sourcecode.c.objc; path = AFURLSessionManager.m; sourceTree = "<group>"; };
		0490C6E11CFFEF1200EEEEE7 /* AFAutoPurgingImageCache.h */ = {isa = PBXFileReference; fileEncoding = 4; lastKnownFileType = sourcecode.c.h; path = AFAutoPurgingImageCache.h; sourceTree = "<group>"; };
		0490C6E21CFFEF1200EEEEE7 /* AFAutoPurgingImageCache.m */ = {isa = PBXFileReference; fileEncoding = 4; lastKnownFileType = sourcecode.c.objc; path = AFAutoPurgingImageCache.m; sourceTree = "<group>"; };
		0490C6E31CFFEF1200EEEEE7 /* AFImageDownloader.h */ = {isa = PBXFileReference; fileEncoding = 4; lastKnownFileType = sourcecode.c.h; path = AFImageDownloader.h; sourceTree = "<group>"; };
		0490C6E41CFFEF1200EEEEE7 /* AFImageDownloader.m */ = {isa = PBXFileReference; fileEncoding = 4; lastKnownFileType = sourcecode.c.objc; path = AFImageDownloader.m; sourceTree = "<group>"; };
		0490C6E51CFFEF1200EEEEE7 /* AFNetworkActivityIndicatorManager.h */ = {isa = PBXFileReference; fileEncoding = 4; lastKnownFileType = sourcecode.c.h; path = AFNetworkActivityIndicatorManager.h; sourceTree = "<group>"; };
		0490C6E61CFFEF1200EEEEE7 /* AFNetworkActivityIndicatorManager.m */ = {isa = PBXFileReference; fileEncoding = 4; lastKnownFileType = sourcecode.c.objc; path = AFNetworkActivityIndicatorManager.m; sourceTree = "<group>"; };
		0490C6E71CFFEF1200EEEEE7 /* UIActivityIndicatorView+AFNetworking.h */ = {isa = PBXFileReference; fileEncoding = 4; lastKnownFileType = sourcecode.c.h; path = "UIActivityIndicatorView+AFNetworking.h"; sourceTree = "<group>"; };
		0490C6E81CFFEF1200EEEEE7 /* UIActivityIndicatorView+AFNetworking.m */ = {isa = PBXFileReference; fileEncoding = 4; lastKnownFileType = sourcecode.c.objc; path = "UIActivityIndicatorView+AFNetworking.m"; sourceTree = "<group>"; };
		0490C6E91CFFEF1200EEEEE7 /* UIButton+AFNetworking.h */ = {isa = PBXFileReference; fileEncoding = 4; lastKnownFileType = sourcecode.c.h; path = "UIButton+AFNetworking.h"; sourceTree = "<group>"; };
		0490C6EA1CFFEF1200EEEEE7 /* UIButton+AFNetworking.m */ = {isa = PBXFileReference; fileEncoding = 4; lastKnownFileType = sourcecode.c.objc; path = "UIButton+AFNetworking.m"; sourceTree = "<group>"; };
		0490C6EB1CFFEF1200EEEEE7 /* UIImage+AFNetworking.h */ = {isa = PBXFileReference; fileEncoding = 4; lastKnownFileType = sourcecode.c.h; path = "UIImage+AFNetworking.h"; sourceTree = "<group>"; };
		0490C6EC1CFFEF1200EEEEE7 /* UIImageView+AFNetworking.h */ = {isa = PBXFileReference; fileEncoding = 4; lastKnownFileType = sourcecode.c.h; path = "UIImageView+AFNetworking.h"; sourceTree = "<group>"; };
		0490C6ED1CFFEF1200EEEEE7 /* UIImageView+AFNetworking.m */ = {isa = PBXFileReference; fileEncoding = 4; lastKnownFileType = sourcecode.c.objc; path = "UIImageView+AFNetworking.m"; sourceTree = "<group>"; };
		0490C6EE1CFFEF1200EEEEE7 /* UIKit+AFNetworking.h */ = {isa = PBXFileReference; fileEncoding = 4; lastKnownFileType = sourcecode.c.h; path = "UIKit+AFNetworking.h"; sourceTree = "<group>"; };
		0490C6EF1CFFEF1200EEEEE7 /* UIProgressView+AFNetworking.h */ = {isa = PBXFileReference; fileEncoding = 4; lastKnownFileType = sourcecode.c.h; path = "UIProgressView+AFNetworking.h"; sourceTree = "<group>"; };
		0490C6F01CFFEF1200EEEEE7 /* UIProgressView+AFNetworking.m */ = {isa = PBXFileReference; fileEncoding = 4; lastKnownFileType = sourcecode.c.objc; path = "UIProgressView+AFNetworking.m"; sourceTree = "<group>"; };
		0490C6F11CFFEF1200EEEEE7 /* UIRefreshControl+AFNetworking.h */ = {isa = PBXFileReference; fileEncoding = 4; lastKnownFileType = sourcecode.c.h; path = "UIRefreshControl+AFNetworking.h"; sourceTree = "<group>"; };
		0490C6F21CFFEF1200EEEEE7 /* UIRefreshControl+AFNetworking.m */ = {isa = PBXFileReference; fileEncoding = 4; lastKnownFileType = sourcecode.c.objc; path = "UIRefreshControl+AFNetworking.m"; sourceTree = "<group>"; };
		0490C6F31CFFEF1200EEEEE7 /* UIWebView+AFNetworking.h */ = {isa = PBXFileReference; fileEncoding = 4; lastKnownFileType = sourcecode.c.h; path = "UIWebView+AFNetworking.h"; sourceTree = "<group>"; };
		0490C6F41CFFEF1200EEEEE7 /* UIWebView+AFNetworking.m */ = {isa = PBXFileReference; fileEncoding = 4; lastKnownFileType = sourcecode.c.objc; path = "UIWebView+AFNetworking.m"; sourceTree = "<group>"; };
		0490C7061CFFEF4500EEEEE7 /* MJRefreshAutoFooter.h */ = {isa = PBXFileReference; fileEncoding = 4; lastKnownFileType = sourcecode.c.h; path = MJRefreshAutoFooter.h; sourceTree = "<group>"; };
		0490C7071CFFEF4500EEEEE7 /* MJRefreshAutoFooter.m */ = {isa = PBXFileReference; fileEncoding = 4; lastKnownFileType = sourcecode.c.objc; path = MJRefreshAutoFooter.m; sourceTree = "<group>"; };
		0490C7081CFFEF4500EEEEE7 /* MJRefreshBackFooter.h */ = {isa = PBXFileReference; fileEncoding = 4; lastKnownFileType = sourcecode.c.h; path = MJRefreshBackFooter.h; sourceTree = "<group>"; };
		0490C7091CFFEF4500EEEEE7 /* MJRefreshBackFooter.m */ = {isa = PBXFileReference; fileEncoding = 4; lastKnownFileType = sourcecode.c.objc; path = MJRefreshBackFooter.m; sourceTree = "<group>"; };
		0490C70A1CFFEF4500EEEEE7 /* MJRefreshComponent.h */ = {isa = PBXFileReference; fileEncoding = 4; lastKnownFileType = sourcecode.c.h; path = MJRefreshComponent.h; sourceTree = "<group>"; };
		0490C70B1CFFEF4500EEEEE7 /* MJRefreshComponent.m */ = {isa = PBXFileReference; fileEncoding = 4; lastKnownFileType = sourcecode.c.objc; path = MJRefreshComponent.m; sourceTree = "<group>"; };
		0490C70C1CFFEF4500EEEEE7 /* MJRefreshFooter.h */ = {isa = PBXFileReference; fileEncoding = 4; lastKnownFileType = sourcecode.c.h; path = MJRefreshFooter.h; sourceTree = "<group>"; };
		0490C70D1CFFEF4500EEEEE7 /* MJRefreshFooter.m */ = {isa = PBXFileReference; fileEncoding = 4; lastKnownFileType = sourcecode.c.objc; path = MJRefreshFooter.m; sourceTree = "<group>"; };
		0490C70E1CFFEF4500EEEEE7 /* MJRefreshHeader.h */ = {isa = PBXFileReference; fileEncoding = 4; lastKnownFileType = sourcecode.c.h; path = MJRefreshHeader.h; sourceTree = "<group>"; };
		0490C70F1CFFEF4500EEEEE7 /* MJRefreshHeader.m */ = {isa = PBXFileReference; fileEncoding = 4; lastKnownFileType = sourcecode.c.objc; path = MJRefreshHeader.m; sourceTree = "<group>"; };
		0490C7131CFFEF4500EEEEE7 /* MJRefreshAutoGifFooter.h */ = {isa = PBXFileReference; fileEncoding = 4; lastKnownFileType = sourcecode.c.h; path = MJRefreshAutoGifFooter.h; sourceTree = "<group>"; };
		0490C7141CFFEF4500EEEEE7 /* MJRefreshAutoGifFooter.m */ = {isa = PBXFileReference; fileEncoding = 4; lastKnownFileType = sourcecode.c.objc; path = MJRefreshAutoGifFooter.m; sourceTree = "<group>"; };
		0490C7151CFFEF4500EEEEE7 /* MJRefreshAutoNormalFooter.h */ = {isa = PBXFileReference; fileEncoding = 4; lastKnownFileType = sourcecode.c.h; path = MJRefreshAutoNormalFooter.h; sourceTree = "<group>"; };
		0490C7161CFFEF4500EEEEE7 /* MJRefreshAutoNormalFooter.m */ = {isa = PBXFileReference; fileEncoding = 4; lastKnownFileType = sourcecode.c.objc; path = MJRefreshAutoNormalFooter.m; sourceTree = "<group>"; };
		0490C7171CFFEF4500EEEEE7 /* MJRefreshAutoStateFooter.h */ = {isa = PBXFileReference; fileEncoding = 4; lastKnownFileType = sourcecode.c.h; path = MJRefreshAutoStateFooter.h; sourceTree = "<group>"; };
		0490C7181CFFEF4500EEEEE7 /* MJRefreshAutoStateFooter.m */ = {isa = PBXFileReference; fileEncoding = 4; lastKnownFileType = sourcecode.c.objc; path = MJRefreshAutoStateFooter.m; sourceTree = "<group>"; };
		0490C71A1CFFEF4500EEEEE7 /* MJRefreshBackGifFooter.h */ = {isa = PBXFileReference; fileEncoding = 4; lastKnownFileType = sourcecode.c.h; path = MJRefreshBackGifFooter.h; sourceTree = "<group>"; };
		0490C71B1CFFEF4500EEEEE7 /* MJRefreshBackGifFooter.m */ = {isa = PBXFileReference; fileEncoding = 4; lastKnownFileType = sourcecode.c.objc; path = MJRefreshBackGifFooter.m; sourceTree = "<group>"; };
		0490C71C1CFFEF4500EEEEE7 /* MJRefreshBackNormalFooter.h */ = {isa = PBXFileReference; fileEncoding = 4; lastKnownFileType = sourcecode.c.h; path = MJRefreshBackNormalFooter.h; sourceTree = "<group>"; };
		0490C71D1CFFEF4500EEEEE7 /* MJRefreshBackNormalFooter.m */ = {isa = PBXFileReference; fileEncoding = 4; lastKnownFileType = sourcecode.c.objc; path = MJRefreshBackNormalFooter.m; sourceTree = "<group>"; };
		0490C71E1CFFEF4500EEEEE7 /* MJRefreshBackStateFooter.h */ = {isa = PBXFileReference; fileEncoding = 4; lastKnownFileType = sourcecode.c.h; path = MJRefreshBackStateFooter.h; sourceTree = "<group>"; };
		0490C71F1CFFEF4500EEEEE7 /* MJRefreshBackStateFooter.m */ = {isa = PBXFileReference; fileEncoding = 4; lastKnownFileType = sourcecode.c.objc; path = MJRefreshBackStateFooter.m; sourceTree = "<group>"; };
		0490C7211CFFEF4500EEEEE7 /* MJRefreshGifHeader.h */ = {isa = PBXFileReference; fileEncoding = 4; lastKnownFileType = sourcecode.c.h; path = MJRefreshGifHeader.h; sourceTree = "<group>"; };
		0490C7221CFFEF4500EEEEE7 /* MJRefreshGifHeader.m */ = {isa = PBXFileReference; fileEncoding = 4; lastKnownFileType = sourcecode.c.objc; path = MJRefreshGifHeader.m; sourceTree = "<group>"; };
		0490C7231CFFEF4500EEEEE7 /* MJRefreshNormalHeader.h */ = {isa = PBXFileReference; fileEncoding = 4; lastKnownFileType = sourcecode.c.h; path = MJRefreshNormalHeader.h; sourceTree = "<group>"; };
		0490C7241CFFEF4500EEEEE7 /* MJRefreshNormalHeader.m */ = {isa = PBXFileReference; fileEncoding = 4; lastKnownFileType = sourcecode.c.objc; path = MJRefreshNormalHeader.m; sourceTree = "<group>"; };
		0490C7251CFFEF4500EEEEE7 /* MJRefreshStateHeader.h */ = {isa = PBXFileReference; fileEncoding = 4; lastKnownFileType = sourcecode.c.h; path = MJRefreshStateHeader.h; sourceTree = "<group>"; };
		0490C7261CFFEF4500EEEEE7 /* MJRefreshStateHeader.m */ = {isa = PBXFileReference; fileEncoding = 4; lastKnownFileType = sourcecode.c.objc; path = MJRefreshStateHeader.m; sourceTree = "<group>"; };
		0490C7271CFFEF4500EEEEE7 /* MJRefresh.bundle */ = {isa = PBXFileReference; lastKnownFileType = "wrapper.plug-in"; path = MJRefresh.bundle; sourceTree = "<group>"; };
		0490C7281CFFEF4500EEEEE7 /* MJRefresh.h */ = {isa = PBXFileReference; fileEncoding = 4; lastKnownFileType = sourcecode.c.h; path = MJRefresh.h; sourceTree = "<group>"; };
		0490C7291CFFEF4500EEEEE7 /* MJRefreshConst.h */ = {isa = PBXFileReference; fileEncoding = 4; lastKnownFileType = sourcecode.c.h; path = MJRefreshConst.h; sourceTree = "<group>"; };
		0490C72A1CFFEF4500EEEEE7 /* MJRefreshConst.m */ = {isa = PBXFileReference; fileEncoding = 4; lastKnownFileType = sourcecode.c.objc; path = MJRefreshConst.m; sourceTree = "<group>"; };
		0490C72B1CFFEF4500EEEEE7 /* UIScrollView+MJExtension.h */ = {isa = PBXFileReference; fileEncoding = 4; lastKnownFileType = sourcecode.c.h; path = "UIScrollView+MJExtension.h"; sourceTree = "<group>"; };
		0490C72C1CFFEF4500EEEEE7 /* UIScrollView+MJExtension.m */ = {isa = PBXFileReference; fileEncoding = 4; lastKnownFileType = sourcecode.c.objc; path = "UIScrollView+MJExtension.m"; sourceTree = "<group>"; };
		0490C72D1CFFEF4500EEEEE7 /* UIScrollView+MJRefresh.h */ = {isa = PBXFileReference; fileEncoding = 4; lastKnownFileType = sourcecode.c.h; path = "UIScrollView+MJRefresh.h"; sourceTree = "<group>"; };
		0490C72E1CFFEF4500EEEEE7 /* UIScrollView+MJRefresh.m */ = {isa = PBXFileReference; fileEncoding = 4; lastKnownFileType = sourcecode.c.objc; path = "UIScrollView+MJRefresh.m"; sourceTree = "<group>"; };
		0490C72F1CFFEF4500EEEEE7 /* UIView+MJExtension.h */ = {isa = PBXFileReference; fileEncoding = 4; lastKnownFileType = sourcecode.c.h; path = "UIView+MJExtension.h"; sourceTree = "<group>"; };
		0490C7301CFFEF4500EEEEE7 /* UIView+MJExtension.m */ = {isa = PBXFileReference; fileEncoding = 4; lastKnownFileType = sourcecode.c.objc; path = "UIView+MJExtension.m"; sourceTree = "<group>"; };
		0490C7441CFFEF6400EEEEE7 /* BaseModel.h */ = {isa = PBXFileReference; fileEncoding = 4; lastKnownFileType = sourcecode.c.h; path = BaseModel.h; sourceTree = "<group>"; };
		0490C7451CFFEF6400EEEEE7 /* BaseModel.m */ = {isa = PBXFileReference; fileEncoding = 4; lastKnownFileType = sourcecode.c.objc; path = BaseModel.m; sourceTree = "<group>"; };
		0490C7471CFFEF7A00EEEEE7 /* BaseViewController.h */ = {isa = PBXFileReference; fileEncoding = 4; lastKnownFileType = sourcecode.c.h; path = BaseViewController.h; sourceTree = "<group>"; };
		0490C7481CFFEF7A00EEEEE7 /* BaseViewController.m */ = {isa = PBXFileReference; fileEncoding = 4; lastKnownFileType = sourcecode.c.objc; path = BaseViewController.m; sourceTree = "<group>"; };
		0490C74A1CFFF04400EEEEE7 /* common.h */ = {isa = PBXFileReference; lastKnownFileType = sourcecode.c.h; path = common.h; sourceTree = "<group>"; };
		0490C74B1CFFF05500EEEEE7 /* PrefixHeader.pch */ = {isa = PBXFileReference; lastKnownFileType = sourcecode.c.h; path = PrefixHeader.pch; sourceTree = "<group>"; };
		0490C8291D0162F400EEEEE7 /* Bolts.framework */ = {isa = PBXFileReference; lastKnownFileType = wrapper.framework; path = Bolts.framework; sourceTree = "<group>"; };
		0490C82A1D0162F400EEEEE7 /* FBSDKCoreKit.framework */ = {isa = PBXFileReference; lastKnownFileType = wrapper.framework; path = FBSDKCoreKit.framework; sourceTree = "<group>"; };
		0490C82B1D0162F400EEEEE7 /* FBSDKLoginKit.framework */ = {isa = PBXFileReference; lastKnownFileType = wrapper.framework; path = FBSDKLoginKit.framework; sourceTree = "<group>"; };
		0490C82C1D0162F400EEEEE7 /* MaxLeap.framework */ = {isa = PBXFileReference; lastKnownFileType = wrapper.framework; path = MaxLeap.framework; sourceTree = "<group>"; };
		0490C82D1D0162F400EEEEE7 /* MLFacebookUtilsV4.framework */ = {isa = PBXFileReference; lastKnownFileType = wrapper.framework; path = MLFacebookUtilsV4.framework; sourceTree = "<group>"; };
		0490C82F1D0162F400EEEEE7 /* MLHelpCenter.framework */ = {isa = PBXFileReference; lastKnownFileType = wrapper.framework; path = MLHelpCenter.framework; sourceTree = "<group>"; };
		0490C8311D0162F400EEEEE7 /* MLHelpCenterImages.bundle */ = {isa = PBXFileReference; lastKnownFileType = "wrapper.plug-in"; path = MLHelpCenterImages.bundle; sourceTree = "<group>"; };
		0490C8321D0162F400EEEEE7 /* MLHelpCenterLocalizable.bundle */ = {isa = PBXFileReference; lastKnownFileType = "wrapper.plug-in"; path = MLHelpCenterLocalizable.bundle; sourceTree = "<group>"; };
		0490C8331D0162F400EEEEE7 /* MLHelpCenterThemes.bundle */ = {isa = PBXFileReference; lastKnownFileType = "wrapper.plug-in"; path = MLHelpCenterThemes.bundle; sourceTree = "<group>"; };
		0490C83D1D0163BF00EEEEE7 /* libz.tbd */ = {isa = PBXFileReference; lastKnownFileType = "sourcecode.text-based-dylib-definition"; name = libz.tbd; path = usr/lib/libz.tbd; sourceTree = SDKROOT; };
		0490C83F1D0163C800EEEEE7 /* libsqlite3.tbd */ = {isa = PBXFileReference; lastKnownFileType = "sourcecode.text-based-dylib-definition"; name = libsqlite3.tbd; path = usr/lib/libsqlite3.tbd; sourceTree = SDKROOT; };
		0490C8411D0163D100EEEEE7 /* SystemConfiguration.framework */ = {isa = PBXFileReference; lastKnownFileType = wrapper.framework; name = SystemConfiguration.framework; path = System/Library/Frameworks/SystemConfiguration.framework; sourceTree = SDKROOT; };
		0490C8431D0163DA00EEEEE7 /* CoreTelephony.framework */ = {isa = PBXFileReference; lastKnownFileType = wrapper.framework; name = CoreTelephony.framework; path = System/Library/Frameworks/CoreTelephony.framework; sourceTree = SDKROOT; };
		0490C8451D0163E200EEEEE7 /* MobileCoreServices.framework */ = {isa = PBXFileReference; lastKnownFileType = wrapper.framework; name = MobileCoreServices.framework; path = System/Library/Frameworks/MobileCoreServices.framework; sourceTree = SDKROOT; };
		0490C8471D0163EC00EEEEE7 /* StoreKit.framework */ = {isa = PBXFileReference; lastKnownFileType = wrapper.framework; name = StoreKit.framework; path = System/Library/Frameworks/StoreKit.framework; sourceTree = SDKROOT; };
		4A73E2961D001CC60022D856 /* HomeViewController.h */ = {isa = PBXFileReference; fileEncoding = 4; lastKnownFileType = sourcecode.c.h; name = HomeViewController.h; path = "Gift-Project/HomeViewController.h"; sourceTree = SOURCE_ROOT; };
		4A73E2971D001CC60022D856 /* HomeViewController.m */ = {isa = PBXFileReference; fileEncoding = 4; lastKnownFileType = sourcecode.c.objc; name = HomeViewController.m; path = "Gift-Project/HomeViewController.m"; sourceTree = SOURCE_ROOT; };
		4A73E2991D001CF50022D856 /* HomeCollectionViewLayout.h */ = {isa = PBXFileReference; fileEncoding = 4; lastKnownFileType = sourcecode.c.h; name = HomeCollectionViewLayout.h; path = "Gift-Project/HomeCollectionViewLayout.h"; sourceTree = SOURCE_ROOT; };
		4A73E29A1D001CF50022D856 /* HomeCollectionViewLayout.m */ = {isa = PBXFileReference; fileEncoding = 4; lastKnownFileType = sourcecode.c.objc; name = HomeCollectionViewLayout.m; path = "Gift-Project/HomeCollectionViewLayout.m"; sourceTree = SOURCE_ROOT; };
		718742851CFFF91E0013B01D /* HotViewController.h */ = {isa = PBXFileReference; fileEncoding = 4; lastKnownFileType = sourcecode.c.h; name = HotViewController.h; path = "Gift-Project/HotViewController.h"; sourceTree = SOURCE_ROOT; };
		718742861CFFF91E0013B01D /* HotViewController.m */ = {isa = PBXFileReference; fileEncoding = 4; lastKnownFileType = sourcecode.c.objc; name = HotViewController.m; path = "Gift-Project/HotViewController.m"; sourceTree = SOURCE_ROOT; };
		718742881CFFFA3D0013B01D /* BaseNavigationController.h */ = {isa = PBXFileReference; fileEncoding = 4; lastKnownFileType = sourcecode.c.h; path = BaseNavigationController.h; sourceTree = "<group>"; };
		718742891CFFFA3D0013B01D /* BaseNavigationController.m */ = {isa = PBXFileReference; fileEncoding = 4; lastKnownFileType = sourcecode.c.objc; path = BaseNavigationController.m; sourceTree = "<group>"; };
		718742F91D0002830013B01D /* 1.png */ = {isa = PBXFileReference; lastKnownFileType = image.png; path = 1.png; sourceTree = "<group>"; };
		718742FA1D0002830013B01D /* 2.png */ = {isa = PBXFileReference; lastKnownFileType = image.png; path = 2.png; sourceTree = "<group>"; };
		718742FB1D0002830013B01D /* 3.png */ = {isa = PBXFileReference; lastKnownFileType = image.png; path = 3.png; sourceTree = "<group>"; };
		718742FC1D0002830013B01D /* 4.png */ = {isa = PBXFileReference; lastKnownFileType = image.png; path = 4.png; sourceTree = "<group>"; };
		718742FD1D0002830013B01D /* 5.png */ = {isa = PBXFileReference; lastKnownFileType = image.png; path = 5.png; sourceTree = "<group>"; };
		718742FE1D0002830013B01D /* 6.png */ = {isa = PBXFileReference; lastKnownFileType = image.png; path = 6.png; sourceTree = "<group>"; };
		718742FF1D0002830013B01D /* 7.png */ = {isa = PBXFileReference; lastKnownFileType = image.png; path = 7.png; sourceTree = "<group>"; };
		718743001D0002830013B01D /* 8.png */ = {isa = PBXFileReference; lastKnownFileType = image.png; path = 8.png; sourceTree = "<group>"; };
		718743011D0002830013B01D /* 9.png */ = {isa = PBXFileReference; lastKnownFileType = image.png; path = 9.png; sourceTree = "<group>"; };
		718743021D0002830013B01D /* 10.png */ = {isa = PBXFileReference; lastKnownFileType = image.png; path = 10.png; sourceTree = "<group>"; };
		718743031D0002830013B01D /* 11.jpg */ = {isa = PBXFileReference; lastKnownFileType = image.jpeg; path = 11.jpg; sourceTree = "<group>"; };
		718743041D0002830013B01D /* 12.png */ = {isa = PBXFileReference; lastKnownFileType = image.png; path = 12.png; sourceTree = "<group>"; };
		718743051D0002830013B01D /* 13.png */ = {isa = PBXFileReference; lastKnownFileType = image.png; path = 13.png; sourceTree = "<group>"; };
		718743061D0002830013B01D /* 14.png */ = {isa = PBXFileReference; lastKnownFileType = image.png; path = 14.png; sourceTree = "<group>"; };
		718743071D0002830013B01D /* 15.png */ = {isa = PBXFileReference; lastKnownFileType = image.png; path = 15.png; sourceTree = "<group>"; };
		718743081D0002830013B01D /* 16.png */ = {isa = PBXFileReference; lastKnownFileType = image.png; path = 16.png; sourceTree = "<group>"; };
		718743091D0002830013B01D /* 17.png */ = {isa = PBXFileReference; lastKnownFileType = image.png; path = 17.png; sourceTree = "<group>"; };
		7187430A1D0002830013B01D /* 18.png */ = {isa = PBXFileReference; lastKnownFileType = image.png; path = 18.png; sourceTree = "<group>"; };
		7187430B1D0002830013B01D /* 19.png */ = {isa = PBXFileReference; lastKnownFileType = image.png; path = 19.png; sourceTree = "<group>"; };
		7187430C1D0002830013B01D /* 20.png */ = {isa = PBXFileReference; lastKnownFileType = image.png; path = 20.png; sourceTree = "<group>"; };
		7187430D1D0002830013B01D /* 21.png */ = {isa = PBXFileReference; lastKnownFileType = image.png; path = 21.png; sourceTree = "<group>"; };
		7187430E1D0002830013B01D /* 22.png */ = {isa = PBXFileReference; lastKnownFileType = image.png; path = 22.png; sourceTree = "<group>"; };
		7187430F1D0002830013B01D /* 23.png */ = {isa = PBXFileReference; lastKnownFileType = image.png; path = 23.png; sourceTree = "<group>"; };
		718743101D0002830013B01D /* 24.png */ = {isa = PBXFileReference; lastKnownFileType = image.png; path = 24.png; sourceTree = "<group>"; };
		718743111D0002830013B01D /* 25.png */ = {isa = PBXFileReference; lastKnownFileType = image.png; path = 25.png; sourceTree = "<group>"; };
		718743121D0002830013B01D /* 26.jpg */ = {isa = PBXFileReference; lastKnownFileType = image.jpeg; path = 26.jpg; sourceTree = "<group>"; };
		718743131D0002830013B01D /* 27.png */ = {isa = PBXFileReference; lastKnownFileType = image.png; path = 27.png; sourceTree = "<group>"; };
		718743141D0002830013B01D /* 28.png */ = {isa = PBXFileReference; lastKnownFileType = image.png; path = 28.png; sourceTree = "<group>"; };
		718743151D0002830013B01D /* 29.png */ = {isa = PBXFileReference; lastKnownFileType = image.png; path = 29.png; sourceTree = "<group>"; };
		718743161D0002830013B01D /* 30.png */ = {isa = PBXFileReference; lastKnownFileType = image.png; path = 30.png; sourceTree = "<group>"; };
		718743171D0002830013B01D /* 31.png */ = {isa = PBXFileReference; lastKnownFileType = image.png; path = 31.png; sourceTree = "<group>"; };
		718743181D0002830013B01D /* 32.png */ = {isa = PBXFileReference; lastKnownFileType = image.png; path = 32.png; sourceTree = "<group>"; };
		718743191D0002830013B01D /* 33.png */ = {isa = PBXFileReference; lastKnownFileType = image.png; path = 33.png; sourceTree = "<group>"; };
		7187431A1D0002830013B01D /* back.png */ = {isa = PBXFileReference; lastKnownFileType = image.png; path = back.png; sourceTree = "<group>"; };
		7187431B1D0002830013B01D /* clear.png */ = {isa = PBXFileReference; lastKnownFileType = image.png; path = clear.png; sourceTree = "<group>"; };
		7187431C1D0002830013B01D /* fanhui.png */ = {isa = PBXFileReference; lastKnownFileType = image.png; path = fanhui.png; sourceTree = "<group>"; };
		7187431D1D0002830013B01D /* liwu.png */ = {isa = PBXFileReference; lastKnownFileType = image.png; path = liwu.png; sourceTree = "<group>"; };
		7187431E1D0002830013B01D /* night.png */ = {isa = PBXFileReference; lastKnownFileType = image.png; path = night.png; sourceTree = "<group>"; };
		7187431F1D0002830013B01D /* page1.jpg */ = {isa = PBXFileReference; lastKnownFileType = image.jpeg; path = page1.jpg; sourceTree = "<group>"; };
		718743201D0002830013B01D /* page2.jpg */ = {isa = PBXFileReference; lastKnownFileType = image.jpeg; path = page2.jpg; sourceTree = "<group>"; };
		718743211D0002830013B01D /* page3.jpg */ = {isa = PBXFileReference; lastKnownFileType = image.jpeg; path = page3.jpg; sourceTree = "<group>"; };
		718743221D0002830013B01D /* page4.jpg */ = {isa = PBXFileReference; lastKnownFileType = image.jpeg; path = page4.jpg; sourceTree = "<group>"; };
		718743231D0002830013B01D /* page5.jpg */ = {isa = PBXFileReference; lastKnownFileType = image.jpeg; path = page5.jpg; sourceTree = "<group>"; };
		718743241D0002830013B01D /* page6.jpg */ = {isa = PBXFileReference; lastKnownFileType = image.jpeg; path = page6.jpg; sourceTree = "<group>"; };
		718743251D0002830013B01D /* page7.jpg */ = {isa = PBXFileReference; lastKnownFileType = image.jpeg; path = page7.jpg; sourceTree = "<group>"; };
		718743261D0002830013B01D /* page8.jpg */ = {isa = PBXFileReference; lastKnownFileType = image.jpeg; path = page8.jpg; sourceTree = "<group>"; };
		718743271D0002830013B01D /* page9.jpg */ = {isa = PBXFileReference; lastKnownFileType = image.jpeg; path = page9.jpg; sourceTree = "<group>"; };
		718743281D0002830013B01D /* page10.jpg */ = {isa = PBXFileReference; lastKnownFileType = image.jpeg; path = page10.jpg; sourceTree = "<group>"; };
		718743291D0002830013B01D /* share.png */ = {isa = PBXFileReference; lastKnownFileType = image.png; path = share.png; sourceTree = "<group>"; };
		7187432A1D0002830013B01D /* start.jpg */ = {isa = PBXFileReference; lastKnownFileType = image.jpeg; path = start.jpg; sourceTree = "<group>"; };
		7187432B1D0002830013B01D /* ZhanWei.jpg */ = {isa = PBXFileReference; lastKnownFileType = image.jpeg; path = ZhanWei.jpg; sourceTree = "<group>"; };
		718743621D0008B70013B01D /* CustomTabBarController.h */ = {isa = PBXFileReference; fileEncoding = 4; lastKnownFileType = sourcecode.c.h; path = CustomTabBarController.h; sourceTree = "<group>"; };
		718743631D0008B70013B01D /* CustomTabBarController.m */ = {isa = PBXFileReference; fileEncoding = 4; lastKnownFileType = sourcecode.c.objc; path = CustomTabBarController.m; sourceTree = "<group>"; };
		718743661D000E230013B01D /* MMDrawerBarButtonItem.h */ = {isa = PBXFileReference; fileEncoding = 4; lastKnownFileType = sourcecode.c.h; path = MMDrawerBarButtonItem.h; sourceTree = "<group>"; };
		718743671D000E230013B01D /* MMDrawerBarButtonItem.m */ = {isa = PBXFileReference; fileEncoding = 4; lastKnownFileType = sourcecode.c.objc; path = MMDrawerBarButtonItem.m; sourceTree = "<group>"; };
		718743681D000E230013B01D /* MMDrawerController+Subclass.h */ = {isa = PBXFileReference; fileEncoding = 4; lastKnownFileType = sourcecode.c.h; path = "MMDrawerController+Subclass.h"; sourceTree = "<group>"; };
		718743691D000E230013B01D /* MMDrawerController.h */ = {isa = PBXFileReference; fileEncoding = 4; lastKnownFileType = sourcecode.c.h; path = MMDrawerController.h; sourceTree = "<group>"; };
		7187436A1D000E230013B01D /* MMDrawerController.m */ = {isa = PBXFileReference; fileEncoding = 4; lastKnownFileType = sourcecode.c.objc; path = MMDrawerController.m; sourceTree = "<group>"; };
		7187436B1D000E230013B01D /* MMDrawerVisualState.h */ = {isa = PBXFileReference; fileEncoding = 4; lastKnownFileType = sourcecode.c.h; path = MMDrawerVisualState.h; sourceTree = "<group>"; };
		7187436C1D000E230013B01D /* MMDrawerVisualState.m */ = {isa = PBXFileReference; fileEncoding = 4; lastKnownFileType = sourcecode.c.objc; path = MMDrawerVisualState.m; sourceTree = "<group>"; };
		7187436D1D000E230013B01D /* UIViewController+MMDrawerController.h */ = {isa = PBXFileReference; fileEncoding = 4; lastKnownFileType = sourcecode.c.h; path = "UIViewController+MMDrawerController.h"; sourceTree = "<group>"; };
		7187436E1D000E230013B01D /* UIViewController+MMDrawerController.m */ = {isa = PBXFileReference; fileEncoding = 4; lastKnownFileType = sourcecode.c.objc; path = "UIViewController+MMDrawerController.m"; sourceTree = "<group>"; };
		718743731D000E780013B01D /* LeftViewController.h */ = {isa = PBXFileReference; fileEncoding = 4; lastKnownFileType = sourcecode.c.h; path = LeftViewController.h; sourceTree = "<group>"; };
		718743741D000E780013B01D /* LeftViewController.m */ = {isa = PBXFileReference; fileEncoding = 4; lastKnownFileType = sourcecode.c.objc; path = LeftViewController.m; sourceTree = "<group>"; };
		718743761D0011470013B01D /* navbg.png */ = {isa = PBXFileReference; lastKnownFileType = image.png; path = navbg.png; sourceTree = "<group>"; };
		718743781D002AE80013B01D /* SegmentView.h */ = {isa = PBXFileReference; fileEncoding = 4; lastKnownFileType = sourcecode.c.h; path = SegmentView.h; sourceTree = "<group>"; };
		718743791D002AE80013B01D /* SegmentView.m */ = {isa = PBXFileReference; fileEncoding = 4; lastKnownFileType = sourcecode.c.objc; path = SegmentView.m; sourceTree = "<group>"; };
		7187437F1D0032A30013B01D /* segemnt_background.png */ = {isa = PBXFileReference; lastKnownFileType = image.png; path = segemnt_background.png; sourceTree = "<group>"; };
/* End PBXFileReference section */

/* Begin PBXFrameworksBuildPhase section */
		0490C66D1CFFE78300EEEEE7 /* Frameworks */ = {
			isa = PBXFrameworksBuildPhase;
			buildActionMask = 2147483647;
			files = (
				0490C8481D0163EC00EEEEE7 /* StoreKit.framework in Frameworks */,
				0490C8461D0163E200EEEEE7 /* MobileCoreServices.framework in Frameworks */,
				0490C8441D0163DA00EEEEE7 /* CoreTelephony.framework in Frameworks */,
				0490C8421D0163D100EEEEE7 /* SystemConfiguration.framework in Frameworks */,
				0490C8401D0163C800EEEEE7 /* libsqlite3.tbd in Frameworks */,
				0490C83E1D0163BF00EEEEE7 /* libz.tbd in Frameworks */,
				0490C8381D0162F400EEEEE7 /* MLFacebookUtilsV4.framework in Frameworks */,
				0490C8341D0162F400EEEEE7 /* Bolts.framework in Frameworks */,
				0490C8371D0162F400EEEEE7 /* MaxLeap.framework in Frameworks */,
				0490C8391D0162F400EEEEE7 /* MLHelpCenter.framework in Frameworks */,
				0490C8351D0162F400EEEEE7 /* FBSDKCoreKit.framework in Frameworks */,
				0490C8361D0162F400EEEEE7 /* FBSDKLoginKit.framework in Frameworks */,
			);
			runOnlyForDeploymentPostprocessing = 0;
		};
/* End PBXFrameworksBuildPhase section */

/* Begin PBXGroup section */
		0490C6671CFFE78300EEEEE7 = {
			isa = PBXGroup;
			children = (
				0490C8471D0163EC00EEEEE7 /* StoreKit.framework */,
				0490C8451D0163E200EEEEE7 /* MobileCoreServices.framework */,
				0490C8431D0163DA00EEEEE7 /* CoreTelephony.framework */,
				0490C8411D0163D100EEEEE7 /* SystemConfiguration.framework */,
				0490C83F1D0163C800EEEEE7 /* libsqlite3.tbd */,
				0490C83D1D0163BF00EEEEE7 /* libz.tbd */,
				0490C6721CFFE78300EEEEE7 /* Gift-Project */,
				0490C6711CFFE78300EEEEE7 /* Products */,
			);
			sourceTree = "<group>";
		};
		0490C6711CFFE78300EEEEE7 /* Products */ = {
			isa = PBXGroup;
			children = (
				0490C6701CFFE78300EEEEE7 /* Gift-Project.app */,
			);
			name = Products;
			sourceTree = "<group>";
		};
		0490C6721CFFE78300EEEEE7 /* Gift-Project */ = {
			isa = PBXGroup;
			children = (
				718742F81D00026B0013B01D /* image */,
				0490C68A1CFFEEE100EEEEE7 /* Base */,
				0490C68B1CFFEEE100EEEEE7 /* framework */,
				0490C68D1CFFEEE100EEEEE7 /* Main */,
				0490C6761CFFE78300EEEEE7 /* AppDelegate.h */,
				0490C6771CFFE78300EEEEE7 /* AppDelegate.m */,
				0490C6791CFFE78300EEEEE7 /* ViewController.h */,
				0490C67A1CFFE78300EEEEE7 /* ViewController.m */,
				0490C67C1CFFE78300EEEEE7 /* Main.storyboard */,
				0490C67F1CFFE78300EEEEE7 /* Assets.xcassets */,
				0490C6811CFFE78300EEEEE7 /* LaunchScreen.storyboard */,
				0490C6841CFFE78300EEEEE7 /* Info.plist */,
				0490C6731CFFE78300EEEEE7 /* Supporting Files */,
				0490C74A1CFFF04400EEEEE7 /* common.h */,
				0490C74B1CFFF05500EEEEE7 /* PrefixHeader.pch */,
			);
			path = "Gift-Project";
			sourceTree = "<group>";
		};
		0490C6731CFFE78300EEEEE7 /* Supporting Files */ = {
			isa = PBXGroup;
			children = (
				0490C6741CFFE78300EEEEE7 /* main.m */,
			);
			name = "Supporting Files";
			sourceTree = "<group>";
		};
		0490C68A1CFFEEE100EEEEE7 /* Base */ = {
			isa = PBXGroup;
			children = (
				0490C7441CFFEF6400EEEEE7 /* BaseModel.h */,
				0490C7451CFFEF6400EEEEE7 /* BaseModel.m */,
				0490C7471CFFEF7A00EEEEE7 /* BaseViewController.h */,
				0490C7481CFFEF7A00EEEEE7 /* BaseViewController.m */,
				718742881CFFFA3D0013B01D /* BaseNavigationController.h */,
				718742891CFFFA3D0013B01D /* BaseNavigationController.m */,
				718743621D0008B70013B01D /* CustomTabBarController.h */,
				718743631D0008B70013B01D /* CustomTabBarController.m */,
				718743731D000E780013B01D /* LeftViewController.h */,
				718743741D000E780013B01D /* LeftViewController.m */,
				718743781D002AE80013B01D /* SegmentView.h */,
				718743791D002AE80013B01D /* SegmentView.m */,
			);
			path = Base;
			sourceTree = "<group>";
		};
		0490C68B1CFFEEE100EEEEE7 /* framework */ = {
			isa = PBXGroup;
			children = (
				0490C8281D0162F400EEEEE7 /* Maxleap */,
				718743651D000E230013B01D /* 侧滑控制器工程文件 */,
				0490C7041CFFEF4500EEEEE7 /* MJRefresh */,
				0490C6D11CFFEF1200EEEEE7 /* AFNetworking */,
				0490C6A21CFFEF0700EEEEE7 /* SDWebImage */,
				0490C69B1CFFEEFC00EEEEE7 /* UIUtils */,
			);
			path = framework;
			sourceTree = "<group>";
		};
		0490C68D1CFFEEE100EEEEE7 /* Main */ = {
			isa = PBXGroup;
			children = (
				0490C68E1CFFEEE100EEEEE7 /* Home */,
				0490C6921CFFEEE100EEEEE7 /* Hot */,
				0490C6961CFFEEE100EEEEE7 /* LoginAndRegister */,
				0490C6971CFFEEE100EEEEE7 /* My */,
			);
			path = Main;
			sourceTree = "<group>";
		};
		0490C68E1CFFEEE100EEEEE7 /* Home */ = {
			isa = PBXGroup;
			children = (
				0490C68F1CFFEEE100EEEEE7 /* Controller */,
				0490C6901CFFEEE100EEEEE7 /* Model */,
				0490C6911CFFEEE100EEEEE7 /* View */,
			);
			path = Home;
			sourceTree = "<group>";
		};
		0490C68F1CFFEEE100EEEEE7 /* Controller */ = {
			isa = PBXGroup;
			children = (
				4A73E2961D001CC60022D856 /* HomeViewController.h */,
				4A73E2971D001CC60022D856 /* HomeViewController.m */,
			);
			path = Controller;
			sourceTree = "<group>";
		};
		0490C6901CFFEEE100EEEEE7 /* Model */ = {
			isa = PBXGroup;
			children = (
				4A73E2991D001CF50022D856 /* HomeCollectionViewLayout.h */,
				4A73E29A1D001CF50022D856 /* HomeCollectionViewLayout.m */,
			);
			path = Model;
			sourceTree = "<group>";
		};
		0490C6911CFFEEE100EEEEE7 /* View */ = {
			isa = PBXGroup;
			children = (
			);
			path = View;
			sourceTree = "<group>";
		};
		0490C6921CFFEEE100EEEEE7 /* Hot */ = {
			isa = PBXGroup;
			children = (
				0490C6931CFFEEE100EEEEE7 /* Controller */,
				0490C6941CFFEEE100EEEEE7 /* Model */,
				0490C6951CFFEEE100EEEEE7 /* View */,
			);
			path = Hot;
			sourceTree = "<group>";
		};
		0490C6931CFFEEE100EEEEE7 /* Controller */ = {
			isa = PBXGroup;
			children = (
				718742851CFFF91E0013B01D /* HotViewController.h */,
				718742861CFFF91E0013B01D /* HotViewController.m */,
			);
			path = Controller;
			sourceTree = "<group>";
		};
		0490C6941CFFEEE100EEEEE7 /* Model */ = {
			isa = PBXGroup;
			children = (
			);
			path = Model;
			sourceTree = "<group>";
		};
		0490C6951CFFEEE100EEEEE7 /* View */ = {
			isa = PBXGroup;
			children = (
			);
			path = View;
			sourceTree = "<group>";
		};
		0490C6961CFFEEE100EEEEE7 /* LoginAndRegister */ = {
			isa = PBXGroup;
			children = (
			);
			path = LoginAndRegister;
			sourceTree = "<group>";
		};
		0490C6971CFFEEE100EEEEE7 /* My */ = {
			isa = PBXGroup;
			children = (
				0490C6981CFFEEE100EEEEE7 /* Controller */,
				0490C6991CFFEEE100EEEEE7 /* Model */,
				0490C69A1CFFEEE100EEEEE7 /* View */,
			);
			path = My;
			sourceTree = "<group>";
		};
		0490C6981CFFEEE100EEEEE7 /* Controller */ = {
			isa = PBXGroup;
			children = (
			);
			path = Controller;
			sourceTree = "<group>";
		};
		0490C6991CFFEEE100EEEEE7 /* Model */ = {
			isa = PBXGroup;
			children = (
			);
			path = Model;
			sourceTree = "<group>";
		};
		0490C69A1CFFEEE100EEEEE7 /* View */ = {
			isa = PBXGroup;
			children = (
			);
			path = View;
			sourceTree = "<group>";
		};
		0490C69B1CFFEEFC00EEEEE7 /* UIUtils */ = {
			isa = PBXGroup;
			children = (
				0490C69C1CFFEEFC00EEEEE7 /* UIUtils.h */,
				0490C69D1CFFEEFC00EEEEE7 /* UIUtils.m */,
				0490C69E1CFFEEFC00EEEEE7 /* UIViewExt.h */,
				0490C69F1CFFEEFC00EEEEE7 /* UIViewExt.m */,
			);
			path = UIUtils;
			sourceTree = "<group>";
		};
		0490C6A21CFFEF0700EEEEE7 /* SDWebImage */ = {
			isa = PBXGroup;
			children = (
				0490C6A31CFFEF0700EEEEE7 /* MKAnnotationView+WebCache.h */,
				0490C6A41CFFEF0700EEEEE7 /* MKAnnotationView+WebCache.m */,
				0490C6A51CFFEF0700EEEEE7 /* NSData+ImageContentType.h */,
				0490C6A61CFFEF0700EEEEE7 /* NSData+ImageContentType.m */,
				0490C6A71CFFEF0700EEEEE7 /* SDImageCache.h */,
				0490C6A81CFFEF0700EEEEE7 /* SDImageCache.m */,
				0490C6A91CFFEF0700EEEEE7 /* SDWebImageCompat.h */,
				0490C6AA1CFFEF0700EEEEE7 /* SDWebImageCompat.m */,
				0490C6AB1CFFEF0700EEEEE7 /* SDWebImageDecoder.h */,
				0490C6AC1CFFEF0700EEEEE7 /* SDWebImageDecoder.m */,
				0490C6AD1CFFEF0700EEEEE7 /* SDWebImageDownloader.h */,
				0490C6AE1CFFEF0700EEEEE7 /* SDWebImageDownloader.m */,
				0490C6AF1CFFEF0700EEEEE7 /* SDWebImageDownloaderOperation.h */,
				0490C6B01CFFEF0700EEEEE7 /* SDWebImageDownloaderOperation.m */,
				0490C6B11CFFEF0700EEEEE7 /* SDWebImageManager.h */,
				0490C6B21CFFEF0700EEEEE7 /* SDWebImageManager.m */,
				0490C6B31CFFEF0700EEEEE7 /* SDWebImageOperation.h */,
				0490C6B41CFFEF0700EEEEE7 /* SDWebImagePrefetcher.h */,
				0490C6B51CFFEF0700EEEEE7 /* SDWebImagePrefetcher.m */,
				0490C6B61CFFEF0700EEEEE7 /* UIButton+WebCache.h */,
				0490C6B71CFFEF0700EEEEE7 /* UIButton+WebCache.m */,
				0490C6B81CFFEF0700EEEEE7 /* UIImage+GIF.h */,
				0490C6B91CFFEF0700EEEEE7 /* UIImage+GIF.m */,
				0490C6BA1CFFEF0700EEEEE7 /* UIImage+MultiFormat.h */,
				0490C6BB1CFFEF0700EEEEE7 /* UIImage+MultiFormat.m */,
				0490C6BC1CFFEF0700EEEEE7 /* UIImage+WebP.h */,
				0490C6BD1CFFEF0700EEEEE7 /* UIImage+WebP.m */,
				0490C6BE1CFFEF0700EEEEE7 /* UIImageView+HighlightedWebCache.h */,
				0490C6BF1CFFEF0700EEEEE7 /* UIImageView+HighlightedWebCache.m */,
				0490C6C01CFFEF0700EEEEE7 /* UIImageView+WebCache.h */,
				0490C6C11CFFEF0700EEEEE7 /* UIImageView+WebCache.m */,
			);
			path = SDWebImage;
			sourceTree = "<group>";
		};
		0490C6D11CFFEF1200EEEEE7 /* AFNetworking */ = {
			isa = PBXGroup;
			children = (
				0490C6D21CFFEF1200EEEEE7 /* AFNetworking */,
				0490C6E01CFFEF1200EEEEE7 /* UIKit+AFNetworking */,
			);
			path = AFNetworking;
			sourceTree = "<group>";
		};
		0490C6D21CFFEF1200EEEEE7 /* AFNetworking */ = {
			isa = PBXGroup;
			children = (
				0490C6D31CFFEF1200EEEEE7 /* AFHTTPSessionManager.h */,
				0490C6D41CFFEF1200EEEEE7 /* AFHTTPSessionManager.m */,
				0490C6D51CFFEF1200EEEEE7 /* AFNetworking.h */,
				0490C6D61CFFEF1200EEEEE7 /* AFNetworkReachabilityManager.h */,
				0490C6D71CFFEF1200EEEEE7 /* AFNetworkReachabilityManager.m */,
				0490C6D81CFFEF1200EEEEE7 /* AFSecurityPolicy.h */,
				0490C6D91CFFEF1200EEEEE7 /* AFSecurityPolicy.m */,
				0490C6DA1CFFEF1200EEEEE7 /* AFURLRequestSerialization.h */,
				0490C6DB1CFFEF1200EEEEE7 /* AFURLRequestSerialization.m */,
				0490C6DC1CFFEF1200EEEEE7 /* AFURLResponseSerialization.h */,
				0490C6DD1CFFEF1200EEEEE7 /* AFURLResponseSerialization.m */,
				0490C6DE1CFFEF1200EEEEE7 /* AFURLSessionManager.h */,
				0490C6DF1CFFEF1200EEEEE7 /* AFURLSessionManager.m */,
			);
			path = AFNetworking;
			sourceTree = "<group>";
		};
		0490C6E01CFFEF1200EEEEE7 /* UIKit+AFNetworking */ = {
			isa = PBXGroup;
			children = (
				0490C6E11CFFEF1200EEEEE7 /* AFAutoPurgingImageCache.h */,
				0490C6E21CFFEF1200EEEEE7 /* AFAutoPurgingImageCache.m */,
				0490C6E31CFFEF1200EEEEE7 /* AFImageDownloader.h */,
				0490C6E41CFFEF1200EEEEE7 /* AFImageDownloader.m */,
				0490C6E51CFFEF1200EEEEE7 /* AFNetworkActivityIndicatorManager.h */,
				0490C6E61CFFEF1200EEEEE7 /* AFNetworkActivityIndicatorManager.m */,
				0490C6E71CFFEF1200EEEEE7 /* UIActivityIndicatorView+AFNetworking.h */,
				0490C6E81CFFEF1200EEEEE7 /* UIActivityIndicatorView+AFNetworking.m */,
				0490C6E91CFFEF1200EEEEE7 /* UIButton+AFNetworking.h */,
				0490C6EA1CFFEF1200EEEEE7 /* UIButton+AFNetworking.m */,
				0490C6EB1CFFEF1200EEEEE7 /* UIImage+AFNetworking.h */,
				0490C6EC1CFFEF1200EEEEE7 /* UIImageView+AFNetworking.h */,
				0490C6ED1CFFEF1200EEEEE7 /* UIImageView+AFNetworking.m */,
				0490C6EE1CFFEF1200EEEEE7 /* UIKit+AFNetworking.h */,
				0490C6EF1CFFEF1200EEEEE7 /* UIProgressView+AFNetworking.h */,
				0490C6F01CFFEF1200EEEEE7 /* UIProgressView+AFNetworking.m */,
				0490C6F11CFFEF1200EEEEE7 /* UIRefreshControl+AFNetworking.h */,
				0490C6F21CFFEF1200EEEEE7 /* UIRefreshControl+AFNetworking.m */,
				0490C6F31CFFEF1200EEEEE7 /* UIWebView+AFNetworking.h */,
				0490C6F41CFFEF1200EEEEE7 /* UIWebView+AFNetworking.m */,
			);
			path = "UIKit+AFNetworking";
			sourceTree = "<group>";
		};
		0490C7041CFFEF4500EEEEE7 /* MJRefresh */ = {
			isa = PBXGroup;
			children = (
				0490C7051CFFEF4500EEEEE7 /* Base */,
				0490C7101CFFEF4500EEEEE7 /* Custom */,
				0490C7271CFFEF4500EEEEE7 /* MJRefresh.bundle */,
				0490C7281CFFEF4500EEEEE7 /* MJRefresh.h */,
				0490C7291CFFEF4500EEEEE7 /* MJRefreshConst.h */,
				0490C72A1CFFEF4500EEEEE7 /* MJRefreshConst.m */,
				0490C72B1CFFEF4500EEEEE7 /* UIScrollView+MJExtension.h */,
				0490C72C1CFFEF4500EEEEE7 /* UIScrollView+MJExtension.m */,
				0490C72D1CFFEF4500EEEEE7 /* UIScrollView+MJRefresh.h */,
				0490C72E1CFFEF4500EEEEE7 /* UIScrollView+MJRefresh.m */,
				0490C72F1CFFEF4500EEEEE7 /* UIView+MJExtension.h */,
				0490C7301CFFEF4500EEEEE7 /* UIView+MJExtension.m */,
			);
			path = MJRefresh;
			sourceTree = "<group>";
		};
		0490C7051CFFEF4500EEEEE7 /* Base */ = {
			isa = PBXGroup;
			children = (
				0490C7061CFFEF4500EEEEE7 /* MJRefreshAutoFooter.h */,
				0490C7071CFFEF4500EEEEE7 /* MJRefreshAutoFooter.m */,
				0490C7081CFFEF4500EEEEE7 /* MJRefreshBackFooter.h */,
				0490C7091CFFEF4500EEEEE7 /* MJRefreshBackFooter.m */,
				0490C70A1CFFEF4500EEEEE7 /* MJRefreshComponent.h */,
				0490C70B1CFFEF4500EEEEE7 /* MJRefreshComponent.m */,
				0490C70C1CFFEF4500EEEEE7 /* MJRefreshFooter.h */,
				0490C70D1CFFEF4500EEEEE7 /* MJRefreshFooter.m */,
				0490C70E1CFFEF4500EEEEE7 /* MJRefreshHeader.h */,
				0490C70F1CFFEF4500EEEEE7 /* MJRefreshHeader.m */,
			);
			path = Base;
			sourceTree = "<group>";
		};
		0490C7101CFFEF4500EEEEE7 /* Custom */ = {
			isa = PBXGroup;
			children = (
				0490C7111CFFEF4500EEEEE7 /* Footer */,
				0490C7201CFFEF4500EEEEE7 /* Header */,
			);
			path = Custom;
			sourceTree = "<group>";
		};
		0490C7111CFFEF4500EEEEE7 /* Footer */ = {
			isa = PBXGroup;
			children = (
				0490C7121CFFEF4500EEEEE7 /* Auto */,
				0490C7191CFFEF4500EEEEE7 /* Back */,
			);
			path = Footer;
			sourceTree = "<group>";
		};
		0490C7121CFFEF4500EEEEE7 /* Auto */ = {
			isa = PBXGroup;
			children = (
				0490C7131CFFEF4500EEEEE7 /* MJRefreshAutoGifFooter.h */,
				0490C7141CFFEF4500EEEEE7 /* MJRefreshAutoGifFooter.m */,
				0490C7151CFFEF4500EEEEE7 /* MJRefreshAutoNormalFooter.h */,
				0490C7161CFFEF4500EEEEE7 /* MJRefreshAutoNormalFooter.m */,
				0490C7171CFFEF4500EEEEE7 /* MJRefreshAutoStateFooter.h */,
				0490C7181CFFEF4500EEEEE7 /* MJRefreshAutoStateFooter.m */,
			);
			path = Auto;
			sourceTree = "<group>";
		};
		0490C7191CFFEF4500EEEEE7 /* Back */ = {
			isa = PBXGroup;
			children = (
				0490C71A1CFFEF4500EEEEE7 /* MJRefreshBackGifFooter.h */,
				0490C71B1CFFEF4500EEEEE7 /* MJRefreshBackGifFooter.m */,
				0490C71C1CFFEF4500EEEEE7 /* MJRefreshBackNormalFooter.h */,
				0490C71D1CFFEF4500EEEEE7 /* MJRefreshBackNormalFooter.m */,
				0490C71E1CFFEF4500EEEEE7 /* MJRefreshBackStateFooter.h */,
				0490C71F1CFFEF4500EEEEE7 /* MJRefreshBackStateFooter.m */,
			);
			path = Back;
			sourceTree = "<group>";
		};
		0490C7201CFFEF4500EEEEE7 /* Header */ = {
			isa = PBXGroup;
			children = (
				0490C7211CFFEF4500EEEEE7 /* MJRefreshGifHeader.h */,
				0490C7221CFFEF4500EEEEE7 /* MJRefreshGifHeader.m */,
				0490C7231CFFEF4500EEEEE7 /* MJRefreshNormalHeader.h */,
				0490C7241CFFEF4500EEEEE7 /* MJRefreshNormalHeader.m */,
				0490C7251CFFEF4500EEEEE7 /* MJRefreshStateHeader.h */,
				0490C7261CFFEF4500EEEEE7 /* MJRefreshStateHeader.m */,
			);
			path = Header;
			sourceTree = "<group>";
		};
		0490C8281D0162F400EEEEE7 /* Maxleap */ = {
			isa = PBXGroup;
			children = (
				0490C8291D0162F400EEEEE7 /* Bolts.framework */,
				0490C82A1D0162F400EEEEE7 /* FBSDKCoreKit.framework */,
				0490C82B1D0162F400EEEEE7 /* FBSDKLoginKit.framework */,
				0490C82C1D0162F400EEEEE7 /* MaxLeap.framework */,
				0490C82D1D0162F400EEEEE7 /* MLFacebookUtilsV4.framework */,
				0490C82E1D0162F400EEEEE7 /* MLHelpCenter.embeddedframework */,
			);
			path = Maxleap;
			sourceTree = "<group>";
		};
		0490C82E1D0162F400EEEEE7 /* MLHelpCenter.embeddedframework */ = {
			isa = PBXGroup;
			children = (
				0490C82F1D0162F400EEEEE7 /* MLHelpCenter.framework */,
				0490C8301D0162F400EEEEE7 /* Resources */,
			);
			path = MLHelpCenter.embeddedframework;
			sourceTree = "<group>";
		};
		0490C8301D0162F400EEEEE7 /* Resources */ = {
			isa = PBXGroup;
			children = (
				0490C8311D0162F400EEEEE7 /* MLHelpCenterImages.bundle */,
				0490C8321D0162F400EEEEE7 /* MLHelpCenterLocalizable.bundle */,
				0490C8331D0162F400EEEEE7 /* MLHelpCenterThemes.bundle */,
			);
			path = Resources;
			sourceTree = "<group>";
		};
		718742F81D00026B0013B01D /* image */ = {
			isa = PBXGroup;
			children = (
				7187437F1D0032A30013B01D /* segemnt_background.png */,
				718743761D0011470013B01D /* navbg.png */,
				718742F91D0002830013B01D /* 1.png */,
				718742FA1D0002830013B01D /* 2.png */,
				718742FB1D0002830013B01D /* 3.png */,
				718742FC1D0002830013B01D /* 4.png */,
				718742FD1D0002830013B01D /* 5.png */,
				718742FE1D0002830013B01D /* 6.png */,
				718742FF1D0002830013B01D /* 7.png */,
				718743001D0002830013B01D /* 8.png */,
				718743011D0002830013B01D /* 9.png */,
				718743021D0002830013B01D /* 10.png */,
				718743031D0002830013B01D /* 11.jpg */,
				718743041D0002830013B01D /* 12.png */,
				718743051D0002830013B01D /* 13.png */,
				718743061D0002830013B01D /* 14.png */,
				718743071D0002830013B01D /* 15.png */,
				718743081D0002830013B01D /* 16.png */,
				718743091D0002830013B01D /* 17.png */,
				7187430A1D0002830013B01D /* 18.png */,
				7187430B1D0002830013B01D /* 19.png */,
				7187430C1D0002830013B01D /* 20.png */,
				7187430D1D0002830013B01D /* 21.png */,
				7187430E1D0002830013B01D /* 22.png */,
				7187430F1D0002830013B01D /* 23.png */,
				718743101D0002830013B01D /* 24.png */,
				718743111D0002830013B01D /* 25.png */,
				718743121D0002830013B01D /* 26.jpg */,
				718743131D0002830013B01D /* 27.png */,
				718743141D0002830013B01D /* 28.png */,
				718743151D0002830013B01D /* 29.png */,
				718743161D0002830013B01D /* 30.png */,
				718743171D0002830013B01D /* 31.png */,
				718743181D0002830013B01D /* 32.png */,
				718743191D0002830013B01D /* 33.png */,
				7187431A1D0002830013B01D /* back.png */,
				7187431B1D0002830013B01D /* clear.png */,
				7187431C1D0002830013B01D /* fanhui.png */,
				7187431D1D0002830013B01D /* liwu.png */,
				7187431E1D0002830013B01D /* night.png */,
				7187431F1D0002830013B01D /* page1.jpg */,
				718743201D0002830013B01D /* page2.jpg */,
				718743211D0002830013B01D /* page3.jpg */,
				718743221D0002830013B01D /* page4.jpg */,
				718743231D0002830013B01D /* page5.jpg */,
				718743241D0002830013B01D /* page6.jpg */,
				718743251D0002830013B01D /* page7.jpg */,
				718743261D0002830013B01D /* page8.jpg */,
				718743271D0002830013B01D /* page9.jpg */,
				718743281D0002830013B01D /* page10.jpg */,
				718743291D0002830013B01D /* share.png */,
				7187432A1D0002830013B01D /* start.jpg */,
				7187432B1D0002830013B01D /* ZhanWei.jpg */,
			);
			name = image;
			sourceTree = "<group>";
		};
		718743651D000E230013B01D /* 侧滑控制器工程文件 */ = {
			isa = PBXGroup;
			children = (
				718743661D000E230013B01D /* MMDrawerBarButtonItem.h */,
				718743671D000E230013B01D /* MMDrawerBarButtonItem.m */,
				718743681D000E230013B01D /* MMDrawerController+Subclass.h */,
				718743691D000E230013B01D /* MMDrawerController.h */,
				7187436A1D000E230013B01D /* MMDrawerController.m */,
				7187436B1D000E230013B01D /* MMDrawerVisualState.h */,
				7187436C1D000E230013B01D /* MMDrawerVisualState.m */,
				7187436D1D000E230013B01D /* UIViewController+MMDrawerController.h */,
				7187436E1D000E230013B01D /* UIViewController+MMDrawerController.m */,
			);
			path = "侧滑控制器工程文件";
			sourceTree = "<group>";
		};
/* End PBXGroup section */

/* Begin PBXNativeTarget section */
		0490C66F1CFFE78300EEEEE7 /* Gift-Project */ = {
			isa = PBXNativeTarget;
			buildConfigurationList = 0490C6871CFFE78300EEEEE7 /* Build configuration list for PBXNativeTarget "Gift-Project" */;
			buildPhases = (
				0490C66C1CFFE78300EEEEE7 /* Sources */,
				0490C66D1CFFE78300EEEEE7 /* Frameworks */,
				0490C66E1CFFE78300EEEEE7 /* Resources */,
			);
			buildRules = (
			);
			dependencies = (
			);
			name = "Gift-Project";
			productName = "Gift-Project";
			productReference = 0490C6701CFFE78300EEEEE7 /* Gift-Project.app */;
			productType = "com.apple.product-type.application";
		};
/* End PBXNativeTarget section */

/* Begin PBXProject section */
		0490C6681CFFE78300EEEEE7 /* Project object */ = {
			isa = PBXProject;
			attributes = {
				LastUpgradeCheck = 0730;
				ORGANIZATIONNAME = tingting;
				TargetAttributes = {
					0490C66F1CFFE78300EEEEE7 = {
						CreatedOnToolsVersion = 7.3.1;
					};
				};
			};
			buildConfigurationList = 0490C66B1CFFE78300EEEEE7 /* Build configuration list for PBXProject "Gift-Project" */;
			compatibilityVersion = "Xcode 3.2";
			developmentRegion = English;
			hasScannedForEncodings = 0;
			knownRegions = (
				en,
				Base,
			);
			mainGroup = 0490C6671CFFE78300EEEEE7;
			productRefGroup = 0490C6711CFFE78300EEEEE7 /* Products */;
			projectDirPath = "";
			projectRoot = "";
			targets = (
				0490C66F1CFFE78300EEEEE7 /* Gift-Project */,
			);
		};
/* End PBXProject section */

/* Begin PBXResourcesBuildPhase section */
		0490C66E1CFFE78300EEEEE7 /* Resources */ = {
			isa = PBXResourcesBuildPhase;
			buildActionMask = 2147483647;
			files = (
				7187433B1D0002830013B01D /* 16.png in Resources */,
				718743581D0002830013B01D /* page7.jpg in Resources */,
				7187433C1D0002830013B01D /* 17.png in Resources */,
				7187434B1D0002830013B01D /* 32.png in Resources */,
				7187434E1D0002830013B01D /* clear.png in Resources */,
				718743361D0002830013B01D /* 11.jpg in Resources */,
				718743471D0002830013B01D /* 28.png in Resources */,
				718743511D0002830013B01D /* night.png in Resources */,
				7187433F1D0002830013B01D /* 20.png in Resources */,
				718743331D0002830013B01D /* 8.png in Resources */,
				7187434F1D0002830013B01D /* fanhui.png in Resources */,
				718743451D0002830013B01D /* 26.jpg in Resources */,
				7187435E1D0002830013B01D /* ZhanWei.jpg in Resources */,
				718743571D0002830013B01D /* page6.jpg in Resources */,
				7187433E1D0002830013B01D /* 19.png in Resources */,
				718743321D0002830013B01D /* 7.png in Resources */,
				7187432D1D0002830013B01D /* 2.png in Resources */,
				7187434A1D0002830013B01D /* 31.png in Resources */,
				718743591D0002830013B01D /* page8.jpg in Resources */,
				7187434D1D0002830013B01D /* back.png in Resources */,
				0490C6831CFFE78300EEEEE7 /* LaunchScreen.storyboard in Resources */,
				718743341D0002830013B01D /* 9.png in Resources */,
				0490C83C1D0162F500EEEEE7 /* MLHelpCenterThemes.bundle in Resources */,
				718743801D0032A30013B01D /* segemnt_background.png in Resources */,
				0490C6801CFFE78300EEEEE7 /* Assets.xcassets in Resources */,
				718743551D0002830013B01D /* page4.jpg in Resources */,
				718743441D0002830013B01D /* 25.png in Resources */,
				0490C73F1CFFEF4500EEEEE7 /* MJRefresh.bundle in Resources */,
				718743771D0011470013B01D /* navbg.png in Resources */,
				718743501D0002830013B01D /* liwu.png in Resources */,
				718743521D0002830013B01D /* page1.jpg in Resources */,
				718743311D0002830013B01D /* 6.png in Resources */,
				718743491D0002830013B01D /* 30.png in Resources */,
				7187435A1D0002830013B01D /* page9.jpg in Resources */,
				718743411D0002830013B01D /* 22.png in Resources */,
				718743351D0002830013B01D /* 10.png in Resources */,
				718743421D0002830013B01D /* 23.png in Resources */,
				7187433D1D0002830013B01D /* 18.png in Resources */,
				7187433A1D0002830013B01D /* 15.png in Resources */,
				0490C83A1D0162F500EEEEE7 /* MLHelpCenterImages.bundle in Resources */,
				7187435C1D0002830013B01D /* share.png in Resources */,
				718743391D0002830013B01D /* 14.png in Resources */,
				7187432F1D0002830013B01D /* 4.png in Resources */,
				718743541D0002830013B01D /* page3.jpg in Resources */,
				0490C83B1D0162F500EEEEE7 /* MLHelpCenterLocalizable.bundle in Resources */,
				0490C67E1CFFE78300EEEEE7 /* Main.storyboard in Resources */,
				718743371D0002830013B01D /* 12.png in Resources */,
				718743401D0002830013B01D /* 21.png in Resources */,
				718743531D0002830013B01D /* page2.jpg in Resources */,
				718743431D0002830013B01D /* 24.png in Resources */,
				718743381D0002830013B01D /* 13.png in Resources */,
				718743461D0002830013B01D /* 27.png in Resources */,
				7187435D1D0002830013B01D /* start.jpg in Resources */,
				718743301D0002830013B01D /* 5.png in Resources */,
				718743481D0002830013B01D /* 29.png in Resources */,
				718743561D0002830013B01D /* page5.jpg in Resources */,
				7187432E1D0002830013B01D /* 3.png in Resources */,
				7187434C1D0002830013B01D /* 33.png in Resources */,
				7187432C1D0002830013B01D /* 1.png in Resources */,
				7187435B1D0002830013B01D /* page10.jpg in Resources */,
			);
			runOnlyForDeploymentPostprocessing = 0;
		};
/* End PBXResourcesBuildPhase section */

/* Begin PBXSourcesBuildPhase section */
		0490C66C1CFFE78300EEEEE7 /* Sources */ = {
			isa = PBXSourcesBuildPhase;
			buildActionMask = 2147483647;
			files = (
				718743711D000E230013B01D /* MMDrawerVisualState.m in Sources */,
				0490C7461CFFEF6400EEEEE7 /* BaseModel.m in Sources */,
				0490C67B1CFFE78300EEEEE7 /* ViewController.m in Sources */,
				0490C6CF1CFFEF0700EEEEE7 /* UIImageView+HighlightedWebCache.m in Sources */,
				0490C6F71CFFEF1200EEEEE7 /* AFSecurityPolicy.m in Sources */,
				0490C7411CFFEF4500EEEEE7 /* UIScrollView+MJExtension.m in Sources */,
				0490C6D01CFFEF0700EEEEE7 /* UIImageView+WebCache.m in Sources */,
				0490C6CE1CFFEF0700EEEEE7 /* UIImage+WebP.m in Sources */,
				0490C7371CFFEF4500EEEEE7 /* MJRefreshAutoNormalFooter.m in Sources */,
				718742871CFFF91E0013B01D /* HotViewController.m in Sources */,
				0490C6CA1CFFEF0700EEEEE7 /* SDWebImagePrefetcher.m in Sources */,
				0490C7421CFFEF4500EEEEE7 /* UIScrollView+MJRefresh.m in Sources */,
				0490C6FE1CFFEF1200EEEEE7 /* UIActivityIndicatorView+AFNetworking.m in Sources */,
				0490C6781CFFE78300EEEEE7 /* AppDelegate.m in Sources */,
				0490C73E1CFFEF4500EEEEE7 /* MJRefreshStateHeader.m in Sources */,
				718743721D000E230013B01D /* UIViewController+MMDrawerController.m in Sources */,
				0490C7341CFFEF4500EEEEE7 /* MJRefreshFooter.m in Sources */,
				0490C6C61CFFEF0700EEEEE7 /* SDWebImageDecoder.m in Sources */,
				718743751D000E780013B01D /* LeftViewController.m in Sources */,
				0490C73C1CFFEF4500EEEEE7 /* MJRefreshGifHeader.m in Sources */,
				0490C6FF1CFFEF1200EEEEE7 /* UIButton+AFNetworking.m in Sources */,
				0490C6C71CFFEF0700EEEEE7 /* SDWebImageDownloader.m in Sources */,
				7187437A1D002AE80013B01D /* SegmentView.m in Sources */,
				0490C7001CFFEF1200EEEEE7 /* UIImageView+AFNetworking.m in Sources */,
				0490C6A11CFFEEFC00EEEEE7 /* UIViewExt.m in Sources */,
				0490C73A1CFFEF4500EEEEE7 /* MJRefreshBackNormalFooter.m in Sources */,
				0490C7011CFFEF1200EEEEE7 /* UIProgressView+AFNetworking.m in Sources */,
				0490C6C91CFFEF0700EEEEE7 /* SDWebImageManager.m in Sources */,
				718743641D0008B70013B01D /* CustomTabBarController.m in Sources */,
				0490C6FC1CFFEF1200EEEEE7 /* AFImageDownloader.m in Sources */,
				7187436F1D000E230013B01D /* MMDrawerBarButtonItem.m in Sources */,
				4A73E29B1D001CF50022D856 /* HomeCollectionViewLayout.m in Sources */,
				0490C7321CFFEF4500EEEEE7 /* MJRefreshBackFooter.m in Sources */,
				0490C6FD1CFFEF1200EEEEE7 /* AFNetworkActivityIndicatorManager.m in Sources */,
				0490C7031CFFEF1200EEEEE7 /* UIWebView+AFNetworking.m in Sources */,
				0490C7401CFFEF4500EEEEE7 /* MJRefreshConst.m in Sources */,
				0490C6FA1CFFEF1200EEEEE7 /* AFURLSessionManager.m in Sources */,
				0490C7361CFFEF4500EEEEE7 /* MJRefreshAutoGifFooter.m in Sources */,
				0490C6CB1CFFEF0700EEEEE7 /* UIButton+WebCache.m in Sources */,
				0490C6CD1CFFEF0700EEEEE7 /* UIImage+MultiFormat.m in Sources */,
				0490C6F51CFFEF1200EEEEE7 /* AFHTTPSessionManager.m in Sources */,
				0490C6F91CFFEF1200EEEEE7 /* AFURLResponseSerialization.m in Sources */,
				0490C7431CFFEF4500EEEEE7 /* UIView+MJExtension.m in Sources */,
				0490C7391CFFEF4500EEEEE7 /* MJRefreshBackGifFooter.m in Sources */,
				0490C7331CFFEF4500EEEEE7 /* MJRefreshComponent.m in Sources */,
				0490C6751CFFE78300EEEEE7 /* main.m in Sources */,
				0490C6F81CFFEF1200EEEEE7 /* AFURLRequestSerialization.m in Sources */,
				0490C7021CFFEF1200EEEEE7 /* UIRefreshControl+AFNetworking.m in Sources */,
				0490C6C81CFFEF0700EEEEE7 /* SDWebImageDownloaderOperation.m in Sources */,
				0490C6CC1CFFEF0700EEEEE7 /* UIImage+GIF.m in Sources */,
				0490C6C51CFFEF0700EEEEE7 /* SDWebImageCompat.m in Sources */,
				718743701D000E230013B01D /* MMDrawerController.m in Sources */,
				7187428A1CFFFA3D0013B01D /* BaseNavigationController.m in Sources */,
				0490C6C31CFFEF0700EEEEE7 /* NSData+ImageContentType.m in Sources */,
				0490C6A01CFFEEFC00EEEEE7 /* UIUtils.m in Sources */,
				0490C6C21CFFEF0700EEEEE7 /* MKAnnotationView+WebCache.m in Sources */,
				0490C7491CFFEF7A00EEEEE7 /* BaseViewController.m in Sources */,
				4A73E2981D001CC60022D856 /* HomeViewController.m in Sources */,
				0490C7351CFFEF4500EEEEE7 /* MJRefreshHeader.m in Sources */,
				0490C73B1CFFEF4500EEEEE7 /* MJRefreshBackStateFooter.m in Sources */,
				0490C73D1CFFEF4500EEEEE7 /* MJRefreshNormalHeader.m in Sources */,
				0490C6FB1CFFEF1200EEEEE7 /* AFAutoPurgingImageCache.m in Sources */,
				0490C6F61CFFEF1200EEEEE7 /* AFNetworkReachabilityManager.m in Sources */,
				0490C7311CFFEF4500EEEEE7 /* MJRefreshAutoFooter.m in Sources */,
				0490C7381CFFEF4500EEEEE7 /* MJRefreshAutoStateFooter.m in Sources */,
				0490C6C41CFFEF0700EEEEE7 /* SDImageCache.m in Sources */,
			);
			runOnlyForDeploymentPostprocessing = 0;
		};
/* End PBXSourcesBuildPhase section */

/* Begin PBXVariantGroup section */
		0490C67C1CFFE78300EEEEE7 /* Main.storyboard */ = {
			isa = PBXVariantGroup;
			children = (
				0490C67D1CFFE78300EEEEE7 /* Base */,
			);
			name = Main.storyboard;
			sourceTree = "<group>";
		};
		0490C6811CFFE78300EEEEE7 /* LaunchScreen.storyboard */ = {
			isa = PBXVariantGroup;
			children = (
				0490C6821CFFE78300EEEEE7 /* Base */,
			);
			name = LaunchScreen.storyboard;
			sourceTree = "<group>";
		};
/* End PBXVariantGroup section */

/* Begin XCBuildConfiguration section */
		0490C6851CFFE78300EEEEE7 /* Debug */ = {
			isa = XCBuildConfiguration;
			buildSettings = {
				ALWAYS_SEARCH_USER_PATHS = NO;
				CLANG_ANALYZER_NONNULL = YES;
				CLANG_CXX_LANGUAGE_STANDARD = "gnu++0x";
				CLANG_CXX_LIBRARY = "libc++";
				CLANG_ENABLE_MODULES = YES;
				CLANG_ENABLE_OBJC_ARC = YES;
				CLANG_WARN_BOOL_CONVERSION = YES;
				CLANG_WARN_CONSTANT_CONVERSION = YES;
				CLANG_WARN_DIRECT_OBJC_ISA_USAGE = YES_ERROR;
				CLANG_WARN_EMPTY_BODY = YES;
				CLANG_WARN_ENUM_CONVERSION = YES;
				CLANG_WARN_INT_CONVERSION = YES;
				CLANG_WARN_OBJC_ROOT_CLASS = YES_ERROR;
				CLANG_WARN_UNREACHABLE_CODE = YES;
				CLANG_WARN__DUPLICATE_METHOD_MATCH = YES;
				"CODE_SIGN_IDENTITY[sdk=iphoneos*]" = "iPhone Developer";
				COPY_PHASE_STRIP = NO;
				DEBUG_INFORMATION_FORMAT = dwarf;
				ENABLE_STRICT_OBJC_MSGSEND = YES;
				ENABLE_TESTABILITY = YES;
				GCC_C_LANGUAGE_STANDARD = gnu99;
				GCC_DYNAMIC_NO_PIC = NO;
				GCC_NO_COMMON_BLOCKS = YES;
				GCC_OPTIMIZATION_LEVEL = 0;
				GCC_PREPROCESSOR_DEFINITIONS = (
					"DEBUG=1",
					"$(inherited)",
				);
				GCC_WARN_64_TO_32_BIT_CONVERSION = YES;
				GCC_WARN_ABOUT_RETURN_TYPE = YES_ERROR;
				GCC_WARN_UNDECLARED_SELECTOR = YES;
				GCC_WARN_UNINITIALIZED_AUTOS = YES_AGGRESSIVE;
				GCC_WARN_UNUSED_FUNCTION = YES;
				GCC_WARN_UNUSED_VARIABLE = YES;
				IPHONEOS_DEPLOYMENT_TARGET = 9.3;
				MTL_ENABLE_DEBUG_INFO = YES;
				ONLY_ACTIVE_ARCH = YES;
				SDKROOT = iphoneos;
				TARGETED_DEVICE_FAMILY = "1,2";
			};
			name = Debug;
		};
		0490C6861CFFE78300EEEEE7 /* Release */ = {
			isa = XCBuildConfiguration;
			buildSettings = {
				ALWAYS_SEARCH_USER_PATHS = NO;
				CLANG_ANALYZER_NONNULL = YES;
				CLANG_CXX_LANGUAGE_STANDARD = "gnu++0x";
				CLANG_CXX_LIBRARY = "libc++";
				CLANG_ENABLE_MODULES = YES;
				CLANG_ENABLE_OBJC_ARC = YES;
				CLANG_WARN_BOOL_CONVERSION = YES;
				CLANG_WARN_CONSTANT_CONVERSION = YES;
				CLANG_WARN_DIRECT_OBJC_ISA_USAGE = YES_ERROR;
				CLANG_WARN_EMPTY_BODY = YES;
				CLANG_WARN_ENUM_CONVERSION = YES;
				CLANG_WARN_INT_CONVERSION = YES;
				CLANG_WARN_OBJC_ROOT_CLASS = YES_ERROR;
				CLANG_WARN_UNREACHABLE_CODE = YES;
				CLANG_WARN__DUPLICATE_METHOD_MATCH = YES;
				"CODE_SIGN_IDENTITY[sdk=iphoneos*]" = "iPhone Developer";
				COPY_PHASE_STRIP = NO;
				DEBUG_INFORMATION_FORMAT = "dwarf-with-dsym";
				ENABLE_NS_ASSERTIONS = NO;
				ENABLE_STRICT_OBJC_MSGSEND = YES;
				GCC_C_LANGUAGE_STANDARD = gnu99;
				GCC_NO_COMMON_BLOCKS = YES;
				GCC_WARN_64_TO_32_BIT_CONVERSION = YES;
				GCC_WARN_ABOUT_RETURN_TYPE = YES_ERROR;
				GCC_WARN_UNDECLARED_SELECTOR = YES;
				GCC_WARN_UNINITIALIZED_AUTOS = YES_AGGRESSIVE;
				GCC_WARN_UNUSED_FUNCTION = YES;
				GCC_WARN_UNUSED_VARIABLE = YES;
				IPHONEOS_DEPLOYMENT_TARGET = 9.3;
				MTL_ENABLE_DEBUG_INFO = NO;
				SDKROOT = iphoneos;
				TARGETED_DEVICE_FAMILY = "1,2";
				VALIDATE_PRODUCT = YES;
			};
			name = Release;
		};
		0490C6881CFFE78300EEEEE7 /* Debug */ = {
			isa = XCBuildConfiguration;
			buildSettings = {
				ASSETCATALOG_COMPILER_APPICON_NAME = AppIcon;
				FRAMEWORK_SEARCH_PATHS = (
					"$(inherited)",
					"$(PROJECT_DIR)/Gift-Project/framework/Maxleap",
					"$(PROJECT_DIR)/Gift-Project/framework/Maxleap/MLHelpCenter.embeddedframework",
				);
				GCC_PRECOMPILE_PREFIX_HEADER = YES;
				GCC_PREFIX_HEADER = "$(SRCROOT)/Gift-Project/PrefixHeader.pch";
				INFOPLIST_FILE = "Gift-Project/Info.plist";
				LD_RUNPATH_SEARCH_PATHS = "$(inherited) @executable_path/Frameworks";
				PRODUCT_BUNDLE_IDENTIFIER = "xiaoxi.Gift-Project";
				PRODUCT_NAME = "$(TARGET_NAME)";
			};
			name = Debug;
		};
		0490C6891CFFE78300EEEEE7 /* Release */ = {
			isa = XCBuildConfiguration;
			buildSettings = {
				ASSETCATALOG_COMPILER_APPICON_NAME = AppIcon;
				FRAMEWORK_SEARCH_PATHS = (
					"$(inherited)",
					"$(PROJECT_DIR)/Gift-Project/framework/Maxleap",
					"$(PROJECT_DIR)/Gift-Project/framework/Maxleap/MLHelpCenter.embeddedframework",
				);
				GCC_PRECOMPILE_PREFIX_HEADER = YES;
				GCC_PREFIX_HEADER = "$(SRCROOT)/Gift-Project/PrefixHeader.pch";
				INFOPLIST_FILE = "Gift-Project/Info.plist";
				LD_RUNPATH_SEARCH_PATHS = "$(inherited) @executable_path/Frameworks";
				PRODUCT_BUNDLE_IDENTIFIER = "xiaoxi.Gift-Project";
				PRODUCT_NAME = "$(TARGET_NAME)";
			};
			name = Release;
		};
/* End XCBuildConfiguration section */

/* Begin XCConfigurationList section */
		0490C66B1CFFE78300EEEEE7 /* Build configuration list for PBXProject "Gift-Project" */ = {
			isa = XCConfigurationList;
			buildConfigurations = (
				0490C6851CFFE78300EEEEE7 /* Debug */,
				0490C6861CFFE78300EEEEE7 /* Release */,
			);
			defaultConfigurationIsVisible = 0;
			defaultConfigurationName = Release;
		};
		0490C6871CFFE78300EEEEE7 /* Build configuration list for PBXNativeTarget "Gift-Project" */ = {
			isa = XCConfigurationList;
			buildConfigurations = (
				0490C6881CFFE78300EEEEE7 /* Debug */,
				0490C6891CFFE78300EEEEE7 /* Release */,
			);
			defaultConfigurationIsVisible = 0;
			defaultConfigurationName = Release;
		};
/* End XCConfigurationList section */
	};
	rootObject = 0490C6681CFFE78300EEEEE7 /* Project object */;
}
